{
  "originHash" : "c7dd890663bc2931cc2a02da79d55d17b481d7332e5e5d80401a47571881838d",
  "pins" : [
    {
      "identity" : "fingerprintjs-pro-ios",
      "kind" : "remoteSourceControl",
      "location" : "https://github.com/fingerprintjs/fingerprintjs-pro-ios",
      "state" : {
        "revision" : "51df49f935af022ceafbee34855500a37e0f35d3",
        "version" : "2.7.0"
      }
    },
    {
      "identity" : "swift-confidential",
      "kind" : "remoteSourceControl",
      "location" : "https://github.com/securevale/swift-confidential.git",
      "state" : {
        "revision" : "5992894cdf45e14d5c4a5ccfbaf3ad9e18173faf",
        "version" : "0.3.0"
      }
    },
    {
      "identity" : "swift-confidential-plugin",
      "kind" : "remoteSourceControl",
      "location" : "https://github.com/securevale/swift-confidential-plugin.git",
      "state" : {
        "revision" : "08b2d1d2be8b01ed6c256a031f6313984a823f58",
        "version" : "0.3.0"
      }
    }
  ],
  "version" : 3
}
