// !$*UTF8*$!
{
	archiveVersion = 1;
	classes = {
	};
	objectVersion = 56;
	objects = {

/* Begin PBXBuildFile section */
		153560322BC55F0400BAD949 /* ConfigVariable+SmartSignals.swift in Sources */ = {isa = PBXBuildFile; fileRef = 153560312BC55F0400BAD949 /* ConfigVariable+SmartSignals.swift */; };
		153560372BC5BDF600BAD949 /* ClientResponseEvent.swift in Sources */ = {isa = PBXBuildFile; fileRef = 153560362BC5BDF600BAD949 /* ClientResponseEvent.swift */; };
		153560392BC6F7C600BAD949 /* SmartSignalsService+Preview.swift in Sources */ = {isa = PBXBuildFile; fileRef = 153560382BC6F7C600BAD949 /* SmartSignalsService+Preview.swift */; };
		1535603C2BC6F83B00BAD949 /* SmartSignalsResponse+Preview.swift in Sources */ = {isa = PBXBuildFile; fileRef = 1535603B2BC6F83B00BAD949 /* SmartSignalsResponse+Preview.swift */; };
		154A1D642C4A6F5400D268F4 /* Settings.bundle in Resources */ = {isa = PBXBuildFile; fileRef = 154A1D632C4A6F5400D268F4 /* Settings.bundle */; };
		154A1D712C4FFBC900D268F4 /* UIFont+Weight.swift in Sources */ = {isa = PBXBuildFile; fileRef = 154A1D702C4FFBC900D268F4 /* UIFont+Weight.swift */; };
		154A1D762C5003D800D268F4 /* SettingsView.swift in Sources */ = {isa = PBXBuildFile; fileRef = 154A1D752C5003D800D268F4 /* SettingsView.swift */; };
		154A1D782C50048500D268F4 /* RootView.swift in Sources */ = {isa = PBXBuildFile; fileRef = 154A1D772C50048500D268F4 /* RootView.swift */; };
		154A1D7B2C5268A100D268F4 /* KeychainStorage.swift in Sources */ = {isa = PBXBuildFile; fileRef = 154A1D7A2C5268A100D268F4 /* KeychainStorage.swift */; };
		154B2F9E2B7A42AD004E79AC /* DeviceIdentificationService+Preview.swift in Sources */ = {isa = PBXBuildFile; fileRef = 154B2F9D2B7A42AD004E79AC /* DeviceIdentificationService+Preview.swift */; };
		154B2FA02B7A4B5F004E79AC /* FingerprintResponse+Preview.swift in Sources */ = {isa = PBXBuildFile; fileRef = 154B2F9F2B7A4B5F004E79AC /* FingerprintResponse+Preview.swift */; };
		154B2FA32B7CDAA1004E79AC /* CallToActionView.swift in Sources */ = {isa = PBXBuildFile; fileRef = 154B2FA22B7CDAA1004E79AC /* CallToActionView.swift */; };
		154B2FA82B861C86004E79AC /* UserDefaults+Preview.swift in Sources */ = {isa = PBXBuildFile; fileRef = 154B2FA72B861C86004E79AC /* UserDefaults+Preview.swift */; };
		154B2FAF2B8620B8004E79AC /* DeviceFingerprintViewModel+Preview.swift in Sources */ = {isa = PBXBuildFile; fileRef = 154B2FAE2B8620B8004E79AC /* DeviceFingerprintViewModel+Preview.swift */; };
		154CDBA92BBF08F700D5C3AF /* HTTPHeaderField.swift in Sources */ = {isa = PBXBuildFile; fileRef = 154CDBA82BBF08F700D5C3AF /* HTTPHeaderField.swift */; };
		154CDBAD2BC40AB400D5C3AF /* SmartSignalsService.swift in Sources */ = {isa = PBXBuildFile; fileRef = 154CDBAC2BC40AB400D5C3AF /* SmartSignalsService.swift */; };
		154CDBAF2BC40D1A00D5C3AF /* SmartSignalsResponse.swift in Sources */ = {isa = PBXBuildFile; fileRef = 154CDBAE2BC40D1A00D5C3AF /* SmartSignalsResponse.swift */; };
		154CDBB12BC4124400D5C3AF /* SmartSignalsService+Default.swift in Sources */ = {isa = PBXBuildFile; fileRef = 154CDBB02BC4124400D5C3AF /* SmartSignalsService+Default.swift */; };
		155B712C2CD0FE3400F14EA8 /* CustomApiKeysView.swift in Sources */ = {isa = PBXBuildFile; fileRef = 155B712A2CD0FE0800F14EA8 /* CustomApiKeysView.swift */; };
		155B71322CD14F2E00F14EA8 /* SettingButton.swift in Sources */ = {isa = PBXBuildFile; fileRef = 155B71302CD14F2C00F14EA8 /* SettingButton.swift */; };
		155B71362CD241DB00F14EA8 /* SettingsViewModel.swift in Sources */ = {isa = PBXBuildFile; fileRef = 155B71352CD241D700F14EA8 /* SettingsViewModel.swift */; };
		155B713B2CD24B3D00F14EA8 /* SettingsViewModel+Preview.swift in Sources */ = {isa = PBXBuildFile; fileRef = 155B713A2CD24B3800F14EA8 /* SettingsViewModel+Preview.swift */; };
		156866532BFF62CF00E01772 /* Badge.swift in Sources */ = {isa = PBXBuildFile; fileRef = 156866522BFF62CF00E01772 /* Badge.swift */; };
		156866572BFFCDF800E01772 /* URL+WithFragment.swift in Sources */ = {isa = PBXBuildFile; fileRef = 156866562BFFCDF800E01772 /* URL+WithFragment.swift */; };
		156D06442B0F5FA50015A456 /* FingerprintProDemoApp.swift in Sources */ = {isa = PBXBuildFile; fileRef = 156D06432B0F5FA50015A456 /* FingerprintProDemoApp.swift */; };
		156D06482B0F5FA60015A456 /* Assets.xcassets in Resources */ = {isa = PBXBuildFile; fileRef = 156D06472B0F5FA60015A456 /* Assets.xcassets */; };
		156D06542B0FB48F0015A456 /* LaunchScreen.storyboard in Resources */ = {isa = PBXBuildFile; fileRef = 156D06532B0FB48F0015A456 /* LaunchScreen.storyboard */; };
		156D06582B1600A80015A456 /* FingerprintButtonStyle.swift in Sources */ = {isa = PBXBuildFile; fileRef = 156D06572B1600A80015A456 /* FingerprintButtonStyle.swift */; };
		156D065B2B1657D40015A456 /* HomeView.swift in Sources */ = {isa = PBXBuildFile; fileRef = 156D065A2B1657D40015A456 /* HomeView.swift */; };
		156D06642B1772AB0015A456 /* URL+StaticString.swift in Sources */ = {isa = PBXBuildFile; fileRef = 156D06632B1772AB0015A456 /* URL+StaticString.swift */; };
		156D06672B1772FF0015A456 /* Constants.swift in Sources */ = {isa = PBXBuildFile; fileRef = 156D06662B1772FF0015A456 /* Constants.swift */; };
		156D06712B18948C0015A456 /* Inter-VariableFont.ttf in Resources */ = {isa = PBXBuildFile; fileRef = 156D06702B18948C0015A456 /* Inter-VariableFont.ttf */; };
		156D06732B18A7B10015A456 /* Font+Inter.swift in Sources */ = {isa = PBXBuildFile; fileRef = 156D06722B18A7B10015A456 /* Font+Inter.swift */; };
		156D06752B18B0190015A456 /* Localizable.xcstrings in Resources */ = {isa = PBXBuildFile; fileRef = 156D06742B18B0190015A456 /* Localizable.xcstrings */; };
		156D06782B1DF99E0015A456 /* ErrorView.swift in Sources */ = {isa = PBXBuildFile; fileRef = 156D06772B1DF99E0015A456 /* ErrorView.swift */; };
		156D067A2B1E49390015A456 /* DefaultButtonStyle.swift in Sources */ = {isa = PBXBuildFile; fileRef = 156D06792B1E49390015A456 /* DefaultButtonStyle.swift */; };
		156D067C2B20994E0015A456 /* EventDetailsView.swift in Sources */ = {isa = PBXBuildFile; fileRef = 156D067B2B20994E0015A456 /* EventDetailsView.swift */; };
		156D06842B20EC230015A456 /* String+Placeholder.swift in Sources */ = {isa = PBXBuildFile; fileRef = 156D06832B20EC230015A456 /* String+Placeholder.swift */; };
		156D06882B25F8AF0015A456 /* EventPresentability.swift in Sources */ = {isa = PBXBuildFile; fileRef = 156D06872B25F8AF0015A456 /* EventPresentability.swift */; };
		156D068A2B25F8F90015A456 /* BasicResponseEventPresentability.swift in Sources */ = {isa = PBXBuildFile; fileRef = 156D06892B25F8F90015A456 /* BasicResponseEventPresentability.swift */; };
		156D068C2B2726800015A456 /* EventDetailsView+VisualState.swift in Sources */ = {isa = PBXBuildFile; fileRef = 156D068B2B2726800015A456 /* EventDetailsView+VisualState.swift */; };
		156D068E2B2728A10015A456 /* ExtendedResponseEventPresentability.swift in Sources */ = {isa = PBXBuildFile; fileRef = 156D068D2B2728A10015A456 /* ExtendedResponseEventPresentability.swift */; };
		156D06902B272E3B0015A456 /* ClientResponseEventPresentability.swift in Sources */ = {isa = PBXBuildFile; fileRef = 156D068F2B272E3B0015A456 /* ClientResponseEventPresentability.swift */; };
		156D06922B27503B0015A456 /* String+LinesCount.swift in Sources */ = {isa = PBXBuildFile; fileRef = 156D06912B27503B0015A456 /* String+LinesCount.swift */; };
		156D06942B276E6F0015A456 /* UIFont+Inter.swift in Sources */ = {isa = PBXBuildFile; fileRef = 156D06932B276E6F0015A456 /* UIFont+Inter.swift */; };
		156D06972B2B1E560015A456 /* ConfidentialKit in Frameworks */ = {isa = PBXBuildFile; productRef = 156D06962B2B1E560015A456 /* ConfidentialKit */; };
		156D069C2B2B217F0015A456 /* ConfigVariable.swift in Sources */ = {isa = PBXBuildFile; fileRef = 156D069B2B2B217F0015A456 /* ConfigVariable.swift */; };
		1589C9D82B46C8360053A9FA /* PrivacyInfo.xcprivacy in Resources */ = {isa = PBXBuildFile; fileRef = 1589C9D72B46C8360053A9FA /* PrivacyInfo.xcprivacy */; };
		1589C9FE2B5806450053A9FA /* PresentableError+CommonErrors.swift in Sources */ = {isa = PBXBuildFile; fileRef = 1589C9FD2B5806450053A9FA /* PresentableError+CommonErrors.swift */; };
		1589CA012B5806AA0053A9FA /* PresentableError+FromError.swift in Sources */ = {isa = PBXBuildFile; fileRef = 1589CA002B5806AA0053A9FA /* PresentableError+FromError.swift */; };
		159026522B6919B400D3FF36 /* AppInfo.swift in Sources */ = {isa = PBXBuildFile; fileRef = 159026512B6919B400D3FF36 /* AppInfo.swift */; };
		159A2DBD2BB60B8D00A470F1 /* PersistenceContainer.swift in Sources */ = {isa = PBXBuildFile; fileRef = 159A2DBC2BB60B8D00A470F1 /* PersistenceContainer.swift */; };
		159A2DBF2BB60C1400A470F1 /* BackingStorage.swift in Sources */ = {isa = PBXBuildFile; fileRef = 159A2DBE2BB60C1400A470F1 /* BackingStorage.swift */; };
		159A2DC22BB60CC900A470F1 /* UserDefaults+BackingStorage.swift in Sources */ = {isa = PBXBuildFile; fileRef = 159A2DC12BB60CC900A470F1 /* UserDefaults+BackingStorage.swift */; };
		159A2DC52BB6E30000A470F1 /* DataDecoder.swift in Sources */ = {isa = PBXBuildFile; fileRef = 159A2DC42BB6E30000A470F1 /* DataDecoder.swift */; };
		159A2DC72BB6E31300A470F1 /* DataEncoder.swift in Sources */ = {isa = PBXBuildFile; fileRef = 159A2DC62BB6E31300A470F1 /* DataEncoder.swift */; };
		159A2DCA2BB7043700A470F1 /* SettingsContainer.swift in Sources */ = {isa = PBXBuildFile; fileRef = 159A2DC92BB7043700A470F1 /* SettingsContainer.swift */; };
		159A2DCE2BB7085600A470F1 /* SettingsContainer+Preview.swift in Sources */ = {isa = PBXBuildFile; fileRef = 159A2DCD2BB7085600A470F1 /* SettingsContainer+Preview.swift */; };
		159A2DD82BBEB2D500A470F1 /* URLConvertible.swift in Sources */ = {isa = PBXBuildFile; fileRef = 159A2DD72BBEB2D500A470F1 /* URLConvertible.swift */; };
		159A2DDC2BBEB38900A470F1 /* NetworkingError.swift in Sources */ = {isa = PBXBuildFile; fileRef = 159A2DDB2BBEB38900A470F1 /* NetworkingError.swift */; };
		159A2DDE2BBEB44600A470F1 /* URLRequestConvertible.swift in Sources */ = {isa = PBXBuildFile; fileRef = 159A2DDD2BBEB44600A470F1 /* URLRequestConvertible.swift */; };
		159A2DE02BBEB50500A470F1 /* URLConvertibleEndpoint.swift in Sources */ = {isa = PBXBuildFile; fileRef = 159A2DDF2BBEB50500A470F1 /* URLConvertibleEndpoint.swift */; };
		159A2DE32BBEB59600A470F1 /* HTTPMethod.swift in Sources */ = {isa = PBXBuildFile; fileRef = 159A2DE22BBEB59600A470F1 /* HTTPMethod.swift */; };
		159A2DE52BBEB5E400A470F1 /* HTTPClient.swift in Sources */ = {isa = PBXBuildFile; fileRef = 159A2DE42BBEB5E400A470F1 /* HTTPClient.swift */; };
		159F97662CD921CB00EBABED /* CustomApiKeysViewModel.swift in Sources */ = {isa = PBXBuildFile; fileRef = 159F97642CD921C200EBABED /* CustomApiKeysViewModel.swift */; };
		159F976E2CD95F8900EBABED /* CustomApiKeysViewModel+Preview.swift in Sources */ = {isa = PBXBuildFile; fileRef = 159F976D2CD95F8400EBABED /* CustomApiKeysViewModel+Preview.swift */; };
		159F98202CDA3C5100EBABED /* NavigationDestinationHandler.swift in Sources */ = {isa = PBXBuildFile; fileRef = 159F981F2CDA3C4E00EBABED /* NavigationDestinationHandler.swift */; };
		159F98232CDA3D6700EBABED /* SettingsNavigationDestinationHandler.swift in Sources */ = {isa = PBXBuildFile; fileRef = 159F98222CDA3D6500EBABED /* SettingsNavigationDestinationHandler.swift */; };
		159F98262CDA3DE100EBABED /* SettingsNavigationDestinationHandler+Preview.swift in Sources */ = {isa = PBXBuildFile; fileRef = 159F98252CDA3DD700EBABED /* SettingsNavigationDestinationHandler+Preview.swift */; };
		159F982A2CDA473100EBABED /* Region+Codable.swift in Sources */ = {isa = PBXBuildFile; fileRef = 159F98292CDA472B00EBABED /* Region+Codable.swift */; };
		159F982D2CDA47B300EBABED /* ApiKeysConfig.swift in Sources */ = {isa = PBXBuildFile; fileRef = 159F982C2CDA47B100EBABED /* ApiKeysConfig.swift */; };
		15AB322F2CE5117D00D23C17 /* Route.swift in Sources */ = {isa = PBXBuildFile; fileRef = 15AB322E2CE5117A00D23C17 /* Route.swift */; };
		15AB32312CE5134E00D23C17 /* DeepLinkNavigator.swift in Sources */ = {isa = PBXBuildFile; fileRef = 15AB32302CE5134B00D23C17 /* DeepLinkNavigator.swift */; };
		15AB32342CE5215900D23C17 /* View+OnDeepLink.swift in Sources */ = {isa = PBXBuildFile; fileRef = 15AB32332CE5215300D23C17 /* View+OnDeepLink.swift */; };
		15AB32362CE5225300D23C17 /* EnvironmentValues+DeepLink.swift in Sources */ = {isa = PBXBuildFile; fileRef = 15AB32352CE5224E00D23C17 /* EnvironmentValues+DeepLink.swift */; };
		15AB32382CE52B1300D23C17 /* SettingsRoute.swift in Sources */ = {isa = PBXBuildFile; fileRef = 15AB32372CE52B0F00D23C17 /* SettingsRoute.swift */; };
		15AB323A2CE52B9F00D23C17 /* AppRoute.swift in Sources */ = {isa = PBXBuildFile; fileRef = 15AB32392CE52B9B00D23C17 /* AppRoute.swift */; };
		15B16C1C2BC8030100A6D8A2 /* GeolocationService.swift in Sources */ = {isa = PBXBuildFile; fileRef = 15B16C1B2BC8030100A6D8A2 /* GeolocationService.swift */; };
		15B16C1F2BC80D7600A6D8A2 /* GeolocationService+Default.swift in Sources */ = {isa = PBXBuildFile; fileRef = 15B16C1E2BC80D7600A6D8A2 /* GeolocationService+Default.swift */; };
		15B16C212BC811AD00A6D8A2 /* GeolocationService+Preview.swift in Sources */ = {isa = PBXBuildFile; fileRef = 15B16C202BC811AD00A6D8A2 /* GeolocationService+Preview.swift */; };
		15B6D18B2B2CA2550064F033 /* FingerprintPro in Frameworks */ = {isa = PBXBuildFile; productRef = 15B6D18A2B2CA2550064F033 /* FingerprintPro */; };
		15B6D1952B30A1460064F033 /* FingerprintResponse+Encodable.swift in Sources */ = {isa = PBXBuildFile; fileRef = 15B6D1942B30A1460064F033 /* FingerprintResponse+Encodable.swift */; };
		15B6D19A2B30AE750064F033 /* Format.swift in Sources */ = {isa = PBXBuildFile; fileRef = 15B6D1992B30AE750064F033 /* Format.swift */; };
		15B6D19D2B30AEAC0064F033 /* Format+Date.swift in Sources */ = {isa = PBXBuildFile; fileRef = 15B6D19C2B30AEAC0064F033 /* Format+Date.swift */; };
		15B6D19F2B30C1080064F033 /* Format+Number.swift in Sources */ = {isa = PBXBuildFile; fileRef = 15B6D19E2B30C1080064F033 /* Format+Number.swift */; };
		15B6D1A32B30C49F0064F033 /* DateEncodingStrategy+ISO8601Full.swift in Sources */ = {isa = PBXBuildFile; fileRef = 15B6D1A22B30C49F0064F033 /* DateEncodingStrategy+ISO8601Full.swift */; };
		15B6D1A82B31AC7D0064F033 /* ClientResponseEventViewModel.swift in Sources */ = {isa = PBXBuildFile; fileRef = 15B6D1A72B31AC7D0064F033 /* ClientResponseEventViewModel.swift */; };
		15B6D1AB2B3210EE0064F033 /* DeviceIdentificationService.swift in Sources */ = {isa = PBXBuildFile; fileRef = 15B6D1AA2B3210EE0064F033 /* DeviceIdentificationService.swift */; };
		15B6D1B12B3214440064F033 /* DeviceIdentificationService+Default.swift in Sources */ = {isa = PBXBuildFile; fileRef = 15B6D1B02B3214440064F033 /* DeviceIdentificationService+Default.swift */; };
		15B6D1B52B3324F10064F033 /* PresentableError.swift in Sources */ = {isa = PBXBuildFile; fileRef = 15B6D1B42B3324F10064F033 /* PresentableError.swift */; };
		15B6D1B82B334A230064F033 /* DeviceFingerprintViewModel.swift in Sources */ = {isa = PBXBuildFile; fileRef = 15B6D1B72B334A230064F033 /* DeviceFingerprintViewModel.swift */; };
		15B6D1BB2B334CDC0064F033 /* DeviceFingerprintView.swift in Sources */ = {isa = PBXBuildFile; fileRef = 15B6D1BA2B334CDC0064F033 /* DeviceFingerprintView.swift */; };
		15D043A62CD3A472009C357F /* PresentableRegion.swift in Sources */ = {isa = PBXBuildFile; fileRef = 15D043A42CD3A46E009C357F /* PresentableRegion.swift */; };
		15DB47D12CEB56B400F391A3 /* FingerprintServerAPI.swift in Sources */ = {isa = PBXBuildFile; fileRef = 15DB47D02CEB56A600F391A3 /* FingerprintServerAPI.swift */; };
		15DB47D42CEB5C2600F391A3 /* FingerprintServerAPI+Client.swift in Sources */ = {isa = PBXBuildFile; fileRef = 15DB47D32CEB5C1B00F391A3 /* FingerprintServerAPI+Client.swift */; };
		15DB47D92CEB621900F391A3 /* FingerprintServerAPI+Endpoints.swift in Sources */ = {isa = PBXBuildFile; fileRef = 15DB47D82CEB621000F391A3 /* FingerprintServerAPI+Endpoints.swift */; };
		15DB47DE2CEB657A00F391A3 /* FingerprintServerAPI+ResponseError.swift in Sources */ = {isa = PBXBuildFile; fileRef = 15DB47DD2CEB657500F391A3 /* FingerprintServerAPI+ResponseError.swift */; };
/* End PBXBuildFile section */

/* Begin PBXFileReference section */
		153560312BC55F0400BAD949 /* ConfigVariable+SmartSignals.swift */ = {isa = PBXFileReference; lastKnownFileType = sourcecode.swift; path = "ConfigVariable+SmartSignals.swift"; sourceTree = "<group>"; };
		153560362BC5BDF600BAD949 /* ClientResponseEvent.swift */ = {isa = PBXFileReference; lastKnownFileType = sourcecode.swift; path = ClientResponseEvent.swift; sourceTree = "<group>"; };
		153560382BC6F7C600BAD949 /* SmartSignalsService+Preview.swift */ = {isa = PBXFileReference; lastKnownFileType = sourcecode.swift; path = "SmartSignalsService+Preview.swift"; sourceTree = "<group>"; };
		1535603B2BC6F83B00BAD949 /* SmartSignalsResponse+Preview.swift */ = {isa = PBXFileReference; lastKnownFileType = sourcecode.swift; path = "SmartSignalsResponse+Preview.swift"; sourceTree = "<group>"; };
		154A1D632C4A6F5400D268F4 /* Settings.bundle */ = {isa = PBXFileReference; lastKnownFileType = "wrapper.plug-in"; path = Settings.bundle; sourceTree = "<group>"; };
		154A1D702C4FFBC900D268F4 /* UIFont+Weight.swift */ = {isa = PBXFileReference; lastKnownFileType = sourcecode.swift; path = "UIFont+Weight.swift"; sourceTree = "<group>"; };
		154A1D752C5003D800D268F4 /* SettingsView.swift */ = {isa = PBXFileReference; lastKnownFileType = sourcecode.swift; path = SettingsView.swift; sourceTree = "<group>"; };
		154A1D772C50048500D268F4 /* RootView.swift */ = {isa = PBXFileReference; lastKnownFileType = sourcecode.swift; path = RootView.swift; sourceTree = "<group>"; };
		154A1D7A2C5268A100D268F4 /* KeychainStorage.swift */ = {isa = PBXFileReference; lastKnownFileType = sourcecode.swift; path = KeychainStorage.swift; sourceTree = "<group>"; };
		154B2F9D2B7A42AD004E79AC /* DeviceIdentificationService+Preview.swift */ = {isa = PBXFileReference; lastKnownFileType = sourcecode.swift; path = "DeviceIdentificationService+Preview.swift"; sourceTree = "<group>"; };
		154B2F9F2B7A4B5F004E79AC /* FingerprintResponse+Preview.swift */ = {isa = PBXFileReference; lastKnownFileType = sourcecode.swift; path = "FingerprintResponse+Preview.swift"; sourceTree = "<group>"; };
		154B2FA22B7CDAA1004E79AC /* CallToActionView.swift */ = {isa = PBXFileReference; lastKnownFileType = sourcecode.swift; path = CallToActionView.swift; sourceTree = "<group>"; };
		154B2FA72B861C86004E79AC /* UserDefaults+Preview.swift */ = {isa = PBXFileReference; lastKnownFileType = sourcecode.swift; path = "UserDefaults+Preview.swift"; sourceTree = "<group>"; };
		154B2FAE2B8620B8004E79AC /* DeviceFingerprintViewModel+Preview.swift */ = {isa = PBXFileReference; lastKnownFileType = sourcecode.swift; path = "DeviceFingerprintViewModel+Preview.swift"; sourceTree = "<group>"; };
		154CDBA82BBF08F700D5C3AF /* HTTPHeaderField.swift */ = {isa = PBXFileReference; lastKnownFileType = sourcecode.swift; path = HTTPHeaderField.swift; sourceTree = "<group>"; };
		154CDBAC2BC40AB400D5C3AF /* SmartSignalsService.swift */ = {isa = PBXFileReference; lastKnownFileType = sourcecode.swift; path = SmartSignalsService.swift; sourceTree = "<group>"; };
		154CDBAE2BC40D1A00D5C3AF /* SmartSignalsResponse.swift */ = {isa = PBXFileReference; lastKnownFileType = sourcecode.swift; path = SmartSignalsResponse.swift; sourceTree = "<group>"; };
		154CDBB02BC4124400D5C3AF /* SmartSignalsService+Default.swift */ = {isa = PBXFileReference; lastKnownFileType = sourcecode.swift; path = "SmartSignalsService+Default.swift"; sourceTree = "<group>"; };
		155B712A2CD0FE0800F14EA8 /* CustomApiKeysView.swift */ = {isa = PBXFileReference; lastKnownFileType = sourcecode.swift; path = CustomApiKeysView.swift; sourceTree = "<group>"; };
		155B71302CD14F2C00F14EA8 /* SettingButton.swift */ = {isa = PBXFileReference; lastKnownFileType = sourcecode.swift; path = SettingButton.swift; sourceTree = "<group>"; };
		155B71352CD241D700F14EA8 /* SettingsViewModel.swift */ = {isa = PBXFileReference; lastKnownFileType = sourcecode.swift; path = SettingsViewModel.swift; sourceTree = "<group>"; };
		155B713A2CD24B3800F14EA8 /* SettingsViewModel+Preview.swift */ = {isa = PBXFileReference; lastKnownFileType = sourcecode.swift; path = "SettingsViewModel+Preview.swift"; sourceTree = "<group>"; };
		156866522BFF62CF00E01772 /* Badge.swift */ = {isa = PBXFileReference; lastKnownFileType = sourcecode.swift; path = Badge.swift; sourceTree = "<group>"; };
		156866562BFFCDF800E01772 /* URL+WithFragment.swift */ = {isa = PBXFileReference; lastKnownFileType = sourcecode.swift; path = "URL+WithFragment.swift"; sourceTree = "<group>"; };
		156D06402B0F5FA50015A456 /* FingerprintProDemo.app */ = {isa = PBXFileReference; explicitFileType = wrapper.application; includeInIndex = 0; path = FingerprintProDemo.app; sourceTree = BUILT_PRODUCTS_DIR; };
		156D06432B0F5FA50015A456 /* FingerprintProDemoApp.swift */ = {isa = PBXFileReference; lastKnownFileType = sourcecode.swift; path = FingerprintProDemoApp.swift; sourceTree = "<group>"; };
		156D06472B0F5FA60015A456 /* Assets.xcassets */ = {isa = PBXFileReference; lastKnownFileType = folder.assetcatalog; path = Assets.xcassets; sourceTree = "<group>"; };
		156D06522B0F63F80015A456 /* Info.plist */ = {isa = PBXFileReference; lastKnownFileType = text.plist; path = Info.plist; sourceTree = "<group>"; };
		156D06532B0FB48F0015A456 /* LaunchScreen.storyboard */ = {isa = PBXFileReference; lastKnownFileType = file.storyboard; path = LaunchScreen.storyboard; sourceTree = "<group>"; };
		156D06572B1600A80015A456 /* FingerprintButtonStyle.swift */ = {isa = PBXFileReference; lastKnownFileType = sourcecode.swift; path = FingerprintButtonStyle.swift; sourceTree = "<group>"; };
		156D065A2B1657D40015A456 /* HomeView.swift */ = {isa = PBXFileReference; lastKnownFileType = sourcecode.swift; path = HomeView.swift; sourceTree = "<group>"; };
		156D06632B1772AB0015A456 /* URL+StaticString.swift */ = {isa = PBXFileReference; lastKnownFileType = sourcecode.swift; path = "URL+StaticString.swift"; sourceTree = "<group>"; };
		156D06662B1772FF0015A456 /* Constants.swift */ = {isa = PBXFileReference; lastKnownFileType = sourcecode.swift; path = Constants.swift; sourceTree = "<group>"; };
		156D06702B18948C0015A456 /* Inter-VariableFont.ttf */ = {isa = PBXFileReference; lastKnownFileType = file; path = "Inter-VariableFont.ttf"; sourceTree = "<group>"; };
		156D06722B18A7B10015A456 /* Font+Inter.swift */ = {isa = PBXFileReference; lastKnownFileType = sourcecode.swift; path = "Font+Inter.swift"; sourceTree = "<group>"; };
		156D06742B18B0190015A456 /* Localizable.xcstrings */ = {isa = PBXFileReference; lastKnownFileType = text.json.xcstrings; path = Localizable.xcstrings; sourceTree = "<group>"; };
		156D06772B1DF99E0015A456 /* ErrorView.swift */ = {isa = PBXFileReference; lastKnownFileType = sourcecode.swift; path = ErrorView.swift; sourceTree = "<group>"; };
		156D06792B1E49390015A456 /* DefaultButtonStyle.swift */ = {isa = PBXFileReference; lastKnownFileType = sourcecode.swift; path = DefaultButtonStyle.swift; sourceTree = "<group>"; };
		156D067B2B20994E0015A456 /* EventDetailsView.swift */ = {isa = PBXFileReference; lastKnownFileType = sourcecode.swift; path = EventDetailsView.swift; sourceTree = "<group>"; };
		156D06832B20EC230015A456 /* String+Placeholder.swift */ = {isa = PBXFileReference; lastKnownFileType = sourcecode.swift; path = "String+Placeholder.swift"; sourceTree = "<group>"; };
		156D06872B25F8AF0015A456 /* EventPresentability.swift */ = {isa = PBXFileReference; lastKnownFileType = sourcecode.swift; path = EventPresentability.swift; sourceTree = "<group>"; };
		156D06892B25F8F90015A456 /* BasicResponseEventPresentability.swift */ = {isa = PBXFileReference; lastKnownFileType = sourcecode.swift; path = BasicResponseEventPresentability.swift; sourceTree = "<group>"; };
		156D068B2B2726800015A456 /* EventDetailsView+VisualState.swift */ = {isa = PBXFileReference; lastKnownFileType = sourcecode.swift; path = "EventDetailsView+VisualState.swift"; sourceTree = "<group>"; };
		156D068D2B2728A10015A456 /* ExtendedResponseEventPresentability.swift */ = {isa = PBXFileReference; lastKnownFileType = sourcecode.swift; path = ExtendedResponseEventPresentability.swift; sourceTree = "<group>"; };
		156D068F2B272E3B0015A456 /* ClientResponseEventPresentability.swift */ = {isa = PBXFileReference; lastKnownFileType = sourcecode.swift; path = ClientResponseEventPresentability.swift; sourceTree = "<group>"; };
		156D06912B27503B0015A456 /* String+LinesCount.swift */ = {isa = PBXFileReference; lastKnownFileType = sourcecode.swift; path = "String+LinesCount.swift"; sourceTree = "<group>"; };
		156D06932B276E6F0015A456 /* UIFont+Inter.swift */ = {isa = PBXFileReference; lastKnownFileType = sourcecode.swift; path = "UIFont+Inter.swift"; sourceTree = "<group>"; };
		156D069B2B2B217F0015A456 /* ConfigVariable.swift */ = {isa = PBXFileReference; lastKnownFileType = sourcecode.swift; path = ConfigVariable.swift; sourceTree = "<group>"; };
		1589C9D72B46C8360053A9FA /* PrivacyInfo.xcprivacy */ = {isa = PBXFileReference; lastKnownFileType = text.xml; path = PrivacyInfo.xcprivacy; sourceTree = "<group>"; };
		1589C9FD2B5806450053A9FA /* PresentableError+CommonErrors.swift */ = {isa = PBXFileReference; lastKnownFileType = sourcecode.swift; path = "PresentableError+CommonErrors.swift"; sourceTree = "<group>"; };
		1589CA002B5806AA0053A9FA /* PresentableError+FromError.swift */ = {isa = PBXFileReference; lastKnownFileType = sourcecode.swift; path = "PresentableError+FromError.swift"; sourceTree = "<group>"; };
		159026512B6919B400D3FF36 /* AppInfo.swift */ = {isa = PBXFileReference; lastKnownFileType = sourcecode.swift; path = AppInfo.swift; sourceTree = "<group>"; };
		159A2DBC2BB60B8D00A470F1 /* PersistenceContainer.swift */ = {isa = PBXFileReference; lastKnownFileType = sourcecode.swift; path = PersistenceContainer.swift; sourceTree = "<group>"; };
		159A2DBE2BB60C1400A470F1 /* BackingStorage.swift */ = {isa = PBXFileReference; lastKnownFileType = sourcecode.swift; path = BackingStorage.swift; sourceTree = "<group>"; };
		159A2DC12BB60CC900A470F1 /* UserDefaults+BackingStorage.swift */ = {isa = PBXFileReference; lastKnownFileType = sourcecode.swift; path = "UserDefaults+BackingStorage.swift"; sourceTree = "<group>"; };
		159A2DC42BB6E30000A470F1 /* DataDecoder.swift */ = {isa = PBXFileReference; lastKnownFileType = sourcecode.swift; path = DataDecoder.swift; sourceTree = "<group>"; };
		159A2DC62BB6E31300A470F1 /* DataEncoder.swift */ = {isa = PBXFileReference; lastKnownFileType = sourcecode.swift; path = DataEncoder.swift; sourceTree = "<group>"; };
		159A2DC92BB7043700A470F1 /* SettingsContainer.swift */ = {isa = PBXFileReference; lastKnownFileType = sourcecode.swift; path = SettingsContainer.swift; sourceTree = "<group>"; };
		159A2DCD2BB7085600A470F1 /* SettingsContainer+Preview.swift */ = {isa = PBXFileReference; lastKnownFileType = sourcecode.swift; path = "SettingsContainer+Preview.swift"; sourceTree = "<group>"; };
		159A2DD72BBEB2D500A470F1 /* URLConvertible.swift */ = {isa = PBXFileReference; lastKnownFileType = sourcecode.swift; path = URLConvertible.swift; sourceTree = "<group>"; };
		159A2DDB2BBEB38900A470F1 /* NetworkingError.swift */ = {isa = PBXFileReference; lastKnownFileType = sourcecode.swift; path = NetworkingError.swift; sourceTree = "<group>"; };
		159A2DDD2BBEB44600A470F1 /* URLRequestConvertible.swift */ = {isa = PBXFileReference; lastKnownFileType = sourcecode.swift; path = URLRequestConvertible.swift; sourceTree = "<group>"; };
		159A2DDF2BBEB50500A470F1 /* URLConvertibleEndpoint.swift */ = {isa = PBXFileReference; lastKnownFileType = sourcecode.swift; path = URLConvertibleEndpoint.swift; sourceTree = "<group>"; };
		159A2DE22BBEB59600A470F1 /* HTTPMethod.swift */ = {isa = PBXFileReference; lastKnownFileType = sourcecode.swift; path = HTTPMethod.swift; sourceTree = "<group>"; };
		159A2DE42BBEB5E400A470F1 /* HTTPClient.swift */ = {isa = PBXFileReference; lastKnownFileType = sourcecode.swift; path = HTTPClient.swift; sourceTree = "<group>"; };
		159F97642CD921C200EBABED /* CustomApiKeysViewModel.swift */ = {isa = PBXFileReference; lastKnownFileType = sourcecode.swift; path = CustomApiKeysViewModel.swift; sourceTree = "<group>"; };
		159F976D2CD95F8400EBABED /* CustomApiKeysViewModel+Preview.swift */ = {isa = PBXFileReference; lastKnownFileType = sourcecode.swift; path = "CustomApiKeysViewModel+Preview.swift"; sourceTree = "<group>"; };
		159F981F2CDA3C4E00EBABED /* NavigationDestinationHandler.swift */ = {isa = PBXFileReference; lastKnownFileType = sourcecode.swift; path = NavigationDestinationHandler.swift; sourceTree = "<group>"; };
		159F98222CDA3D6500EBABED /* SettingsNavigationDestinationHandler.swift */ = {isa = PBXFileReference; lastKnownFileType = sourcecode.swift; path = SettingsNavigationDestinationHandler.swift; sourceTree = "<group>"; };
		159F98252CDA3DD700EBABED /* SettingsNavigationDestinationHandler+Preview.swift */ = {isa = PBXFileReference; lastKnownFileType = sourcecode.swift; path = "SettingsNavigationDestinationHandler+Preview.swift"; sourceTree = "<group>"; };
		159F98292CDA472B00EBABED /* Region+Codable.swift */ = {isa = PBXFileReference; lastKnownFileType = sourcecode.swift; path = "Region+Codable.swift"; sourceTree = "<group>"; };
		159F982C2CDA47B100EBABED /* ApiKeysConfig.swift */ = {isa = PBXFileReference; lastKnownFileType = sourcecode.swift; path = ApiKeysConfig.swift; sourceTree = "<group>"; };
		15AB322E2CE5117A00D23C17 /* Route.swift */ = {isa = PBXFileReference; lastKnownFileType = sourcecode.swift; path = Route.swift; sourceTree = "<group>"; };
		15AB32302CE5134B00D23C17 /* DeepLinkNavigator.swift */ = {isa = PBXFileReference; lastKnownFileType = sourcecode.swift; path = DeepLinkNavigator.swift; sourceTree = "<group>"; };
		15AB32332CE5215300D23C17 /* View+OnDeepLink.swift */ = {isa = PBXFileReference; lastKnownFileType = sourcecode.swift; path = "View+OnDeepLink.swift"; sourceTree = "<group>"; };
		15AB32352CE5224E00D23C17 /* EnvironmentValues+DeepLink.swift */ = {isa = PBXFileReference; lastKnownFileType = sourcecode.swift; path = "EnvironmentValues+DeepLink.swift"; sourceTree = "<group>"; };
		15AB32372CE52B0F00D23C17 /* SettingsRoute.swift */ = {isa = PBXFileReference; lastKnownFileType = sourcecode.swift; path = SettingsRoute.swift; sourceTree = "<group>"; };
		15AB32392CE52B9B00D23C17 /* AppRoute.swift */ = {isa = PBXFileReference; lastKnownFileType = sourcecode.swift; path = AppRoute.swift; sourceTree = "<group>"; };
		15B16C1B2BC8030100A6D8A2 /* GeolocationService.swift */ = {isa = PBXFileReference; lastKnownFileType = sourcecode.swift; path = GeolocationService.swift; sourceTree = "<group>"; };
		15B16C1E2BC80D7600A6D8A2 /* GeolocationService+Default.swift */ = {isa = PBXFileReference; lastKnownFileType = sourcecode.swift; path = "GeolocationService+Default.swift"; sourceTree = "<group>"; };
		15B16C202BC811AD00A6D8A2 /* GeolocationService+Preview.swift */ = {isa = PBXFileReference; lastKnownFileType = sourcecode.swift; path = "GeolocationService+Preview.swift"; sourceTree = "<group>"; };
		15B6D1942B30A1460064F033 /* FingerprintResponse+Encodable.swift */ = {isa = PBXFileReference; lastKnownFileType = sourcecode.swift; path = "FingerprintResponse+Encodable.swift"; sourceTree = "<group>"; };
		15B6D1992B30AE750064F033 /* Format.swift */ = {isa = PBXFileReference; lastKnownFileType = sourcecode.swift; path = Format.swift; sourceTree = "<group>"; };
		15B6D19C2B30AEAC0064F033 /* Format+Date.swift */ = {isa = PBXFileReference; lastKnownFileType = sourcecode.swift; path = "Format+Date.swift"; sourceTree = "<group>"; };
		15B6D19E2B30C1080064F033 /* Format+Number.swift */ = {isa = PBXFileReference; lastKnownFileType = sourcecode.swift; path = "Format+Number.swift"; sourceTree = "<group>"; };
		15B6D1A22B30C49F0064F033 /* DateEncodingStrategy+ISO8601Full.swift */ = {isa = PBXFileReference; lastKnownFileType = sourcecode.swift; path = "DateEncodingStrategy+ISO8601Full.swift"; sourceTree = "<group>"; };
		15B6D1A72B31AC7D0064F033 /* ClientResponseEventViewModel.swift */ = {isa = PBXFileReference; lastKnownFileType = sourcecode.swift; path = ClientResponseEventViewModel.swift; sourceTree = "<group>"; };
		15B6D1AA2B3210EE0064F033 /* DeviceIdentificationService.swift */ = {isa = PBXFileReference; lastKnownFileType = sourcecode.swift; path = DeviceIdentificationService.swift; sourceTree = "<group>"; };
		15B6D1B02B3214440064F033 /* DeviceIdentificationService+Default.swift */ = {isa = PBXFileReference; lastKnownFileType = sourcecode.swift; path = "DeviceIdentificationService+Default.swift"; sourceTree = "<group>"; };
		15B6D1B42B3324F10064F033 /* PresentableError.swift */ = {isa = PBXFileReference; lastKnownFileType = sourcecode.swift; path = PresentableError.swift; sourceTree = "<group>"; };
		15B6D1B72B334A230064F033 /* DeviceFingerprintViewModel.swift */ = {isa = PBXFileReference; lastKnownFileType = sourcecode.swift; path = DeviceFingerprintViewModel.swift; sourceTree = "<group>"; };
		15B6D1BA2B334CDC0064F033 /* DeviceFingerprintView.swift */ = {isa = PBXFileReference; lastKnownFileType = sourcecode.swift; path = DeviceFingerprintView.swift; sourceTree = "<group>"; };
		15D043A42CD3A46E009C357F /* PresentableRegion.swift */ = {isa = PBXFileReference; lastKnownFileType = sourcecode.swift; path = PresentableRegion.swift; sourceTree = "<group>"; };
		15DB47D02CEB56A600F391A3 /* FingerprintServerAPI.swift */ = {isa = PBXFileReference; lastKnownFileType = sourcecode.swift; path = FingerprintServerAPI.swift; sourceTree = "<group>"; };
		15DB47D32CEB5C1B00F391A3 /* FingerprintServerAPI+Client.swift */ = {isa = PBXFileReference; lastKnownFileType = sourcecode.swift; path = "FingerprintServerAPI+Client.swift"; sourceTree = "<group>"; };
		15DB47D82CEB621000F391A3 /* FingerprintServerAPI+Endpoints.swift */ = {isa = PBXFileReference; lastKnownFileType = sourcecode.swift; path = "FingerprintServerAPI+Endpoints.swift"; sourceTree = "<group>"; };
		15DB47DD2CEB657500F391A3 /* FingerprintServerAPI+ResponseError.swift */ = {isa = PBXFileReference; lastKnownFileType = sourcecode.swift; path = "FingerprintServerAPI+ResponseError.swift"; sourceTree = "<group>"; };
/* End PBXFileReference section */

/* Begin PBXFrameworksBuildPhase section */
		156D063D2B0F5FA50015A456 /* Frameworks */ = {
			isa = PBXFrameworksBuildPhase;
			buildActionMask = 2147483647;
			files = (
				156D06972B2B1E560015A456 /* ConfidentialKit in Frameworks */,
				15B6D18B2B2CA2550064F033 /* FingerprintPro in Frameworks */,
			);
			runOnlyForDeploymentPostprocessing = 0;
		};
/* End PBXFrameworksBuildPhase section */

/* Begin PBXGroup section */
		153560342BC5BD6600BAD949 /* Model */ = {
			isa = PBXGroup;
			children = (
				153560362BC5BDF600BAD949 /* ClientResponseEvent.swift */,
			);
			path = Model;
			sourceTree = "<group>";
		};
		154A1D6D2C4FFB9F00D268F4 /* UIKit */ = {
			isa = PBXGroup;
			children = (
				154A1D6F2C4FFBB600D268F4 /* UIFont */,
			);
			path = UIKit;
			sourceTree = "<group>";
		};
		154A1D6F2C4FFBB600D268F4 /* UIFont */ = {
			isa = PBXGroup;
			children = (
				154A1D702C4FFBC900D268F4 /* UIFont+Weight.swift */,
			);
			path = UIFont;
			sourceTree = "<group>";
		};
		154A1D732C5003C000D268F4 /* Settings */ = {
			isa = PBXGroup;
			children = (
				15D043A12CD3A456009C357F /* Region */,
				159F98212CDA3CD200EBABED /* Navigation */,
				155B71342CD241CD00F14EA8 /* ViewModel */,
				154A1D742C5003C800D268F4 /* View */,
			);
			path = Settings;
			sourceTree = "<group>";
		};
		154A1D742C5003C800D268F4 /* View */ = {
			isa = PBXGroup;
			children = (
				155B712A2CD0FE0800F14EA8 /* CustomApiKeysView.swift */,
				154A1D752C5003D800D268F4 /* SettingsView.swift */,
			);
			path = View;
			sourceTree = "<group>";
		};
		154A1D792C52688600D268F4 /* Keychain */ = {
			isa = PBXGroup;
			children = (
				154A1D7A2C5268A100D268F4 /* KeychainStorage.swift */,
			);
			path = Keychain;
			sourceTree = "<group>";
		};
		154B2F9B2B7A4241004E79AC /* PreviewContent */ = {
			isa = PBXGroup;
			children = (
				154B2F9D2B7A42AD004E79AC /* DeviceIdentificationService+Preview.swift */,
				154B2F9F2B7A4B5F004E79AC /* FingerprintResponse+Preview.swift */,
				15B16C202BC811AD00A6D8A2 /* GeolocationService+Preview.swift */,
				159A2DCD2BB7085600A470F1 /* SettingsContainer+Preview.swift */,
				1535603B2BC6F83B00BAD949 /* SmartSignalsResponse+Preview.swift */,
				153560382BC6F7C600BAD949 /* SmartSignalsService+Preview.swift */,
				154B2FA72B861C86004E79AC /* UserDefaults+Preview.swift */,
			);
			path = PreviewContent;
			sourceTree = "<group>";
		};
		154B2FAB2B862083004E79AC /* Preview */ = {
			isa = PBXGroup;
			children = (
				154B2FAE2B8620B8004E79AC /* DeviceFingerprintViewModel+Preview.swift */,
			);
			path = Preview;
			sourceTree = "<group>";
		};
		154CDBAB2BC40A9E00D5C3AF /* Model */ = {
			isa = PBXGroup;
			children = (
				154CDBAE2BC40D1A00D5C3AF /* SmartSignalsResponse.swift */,
			);
			path = Model;
			sourceTree = "<group>";
		};
		155B712E2CD14F0400F14EA8 /* Controls */ = {
			isa = PBXGroup;
			children = (
				155B71302CD14F2C00F14EA8 /* SettingButton.swift */,
			);
			path = Controls;
			sourceTree = "<group>";
		};
		155B71342CD241CD00F14EA8 /* ViewModel */ = {
			isa = PBXGroup;
			children = (
				159F97642CD921C200EBABED /* CustomApiKeysViewModel.swift */,
				155B71352CD241D700F14EA8 /* SettingsViewModel.swift */,
				155B71382CD24B0100F14EA8 /* Preview */,
			);
			path = ViewModel;
			sourceTree = "<group>";
		};
		155B71382CD24B0100F14EA8 /* Preview */ = {
			isa = PBXGroup;
			children = (
				159F976D2CD95F8400EBABED /* CustomApiKeysViewModel+Preview.swift */,
				155B713A2CD24B3800F14EA8 /* SettingsViewModel+Preview.swift */,
			);
			path = Preview;
			sourceTree = "<group>";
		};
		156866512BFF628B00E01772 /* Badge */ = {
			isa = PBXGroup;
			children = (
				156866522BFF62CF00E01772 /* Badge.swift */,
			);
			path = Badge;
			sourceTree = "<group>";
		};
		156D06372B0F5FA50015A456 = {
			isa = PBXGroup;
			children = (
				156D06422B0F5FA50015A456 /* FingerprintProDemo */,
				156D06412B0F5FA50015A456 /* Products */,
			);
			sourceTree = "<group>";
		};
		156D06412B0F5FA50015A456 /* Products */ = {
			isa = PBXGroup;
			children = (
				156D06402B0F5FA50015A456 /* FingerprintProDemo.app */,
			);
			name = Products;
			sourceTree = "<group>";
		};
		156D06422B0F5FA50015A456 /* FingerprintProDemo */ = {
			isa = PBXGroup;
			children = (
				156D06522B0F63F80015A456 /* Info.plist */,
				1589C9D72B46C8360053A9FA /* PrivacyInfo.xcprivacy */,
				159026512B6919B400D3FF36 /* AppInfo.swift */,
				156D06432B0F5FA50015A456 /* FingerprintProDemoApp.swift */,
				156D06532B0FB48F0015A456 /* LaunchScreen.storyboard */,
				156D069E2B2B8F550015A456 /* Config */,
				156D06652B1772E80015A456 /* Constants */,
				15B6D18D2B30681B0064F033 /* Domain */,
				156D065E2B1772140015A456 /* Extensions */,
				156D065C2B17574C0015A456 /* Features */,
				159A2DD52BBEB27E00A470F1 /* Networking */,
				159A2DBA2BB60AAC00A470F1 /* Persistence */,
				154B2F9B2B7A4241004E79AC /* PreviewContent */,
				156D06682B188EA80015A456 /* Resources */,
				154A1D632C4A6F5400D268F4 /* Settings.bundle */,
				156D06552B16008C0015A456 /* UI */,
			);
			path = FingerprintProDemo;
			sourceTree = "<group>";
		};
		156D06552B16008C0015A456 /* UI */ = {
			isa = PBXGroup;
			children = (
				156866512BFF628B00E01772 /* Badge */,
				155B712E2CD14F0400F14EA8 /* Controls */,
				15B6D1B22B3324B50064F033 /* Error */,
				159F981E2CDA3C3800EBABED /* Navigation */,
				156D06562B1600930015A456 /* Styles */,
				156D06762B1DF97A0015A456 /* Views */,
			);
			path = UI;
			sourceTree = "<group>";
		};
		156D06562B1600930015A456 /* Styles */ = {
			isa = PBXGroup;
			children = (
				156D06792B1E49390015A456 /* DefaultButtonStyle.swift */,
				156D06572B1600A80015A456 /* FingerprintButtonStyle.swift */,
			);
			path = Styles;
			sourceTree = "<group>";
		};
		156D06592B1657910015A456 /* View */ = {
			isa = PBXGroup;
			children = (
				15B6D1BA2B334CDC0064F033 /* DeviceFingerprintView.swift */,
				156D065A2B1657D40015A456 /* HomeView.swift */,
			);
			path = View;
			sourceTree = "<group>";
		};
		156D065C2B17574C0015A456 /* Features */ = {
			isa = PBXGroup;
			children = (
				15AB32392CE52B9B00D23C17 /* AppRoute.swift */,
				154A1D772C50048500D268F4 /* RootView.swift */,
				1589C9FB2B5805AE0053A9FA /* Common */,
				156D065D2B1757770015A456 /* Home */,
				154A1D732C5003C000D268F4 /* Settings */,
			);
			path = Features;
			sourceTree = "<group>";
		};
		156D065D2B1757770015A456 /* Home */ = {
			isa = PBXGroup;
			children = (
				153560342BC5BD6600BAD949 /* Model */,
				15B6D1A62B31AC4C0064F033 /* ViewModel */,
				156D06592B1657910015A456 /* View */,
			);
			path = Home;
			sourceTree = "<group>";
		};
		156D065E2B1772140015A456 /* Extensions */ = {
			isa = PBXGroup;
			children = (
				156D065F2B1772270015A456 /* Foundation */,
				156D06812B20EC0B0015A456 /* Swift */,
				154A1D6D2C4FFB9F00D268F4 /* UIKit */,
			);
			path = Extensions;
			sourceTree = "<group>";
		};
		156D065F2B1772270015A456 /* Foundation */ = {
			isa = PBXGroup;
			children = (
				156D06622B17727A0015A456 /* URL */,
			);
			path = Foundation;
			sourceTree = "<group>";
		};
		156D06622B17727A0015A456 /* URL */ = {
			isa = PBXGroup;
			children = (
				156D06632B1772AB0015A456 /* URL+StaticString.swift */,
				156866562BFFCDF800E01772 /* URL+WithFragment.swift */,
			);
			path = URL;
			sourceTree = "<group>";
		};
		156D06652B1772E80015A456 /* Constants */ = {
			isa = PBXGroup;
			children = (
				156D06662B1772FF0015A456 /* Constants.swift */,
			);
			path = Constants;
			sourceTree = "<group>";
		};
		156D06682B188EA80015A456 /* Resources */ = {
			isa = PBXGroup;
			children = (
				156D06472B0F5FA60015A456 /* Assets.xcassets */,
				156D06692B188EC20015A456 /* Fonts */,
				156D06742B18B0190015A456 /* Localizable.xcstrings */,
			);
			path = Resources;
			sourceTree = "<group>";
		};
		156D06692B188EC20015A456 /* Fonts */ = {
			isa = PBXGroup;
			children = (
				156D06722B18A7B10015A456 /* Font+Inter.swift */,
				156D06932B276E6F0015A456 /* UIFont+Inter.swift */,
				156D06702B18948C0015A456 /* Inter-VariableFont.ttf */,
			);
			path = Fonts;
			sourceTree = "<group>";
		};
		156D06762B1DF97A0015A456 /* Views */ = {
			isa = PBXGroup;
			children = (
				154B2FA22B7CDAA1004E79AC /* CallToActionView.swift */,
				156D06772B1DF99E0015A456 /* ErrorView.swift */,
				156D06852B25F8010015A456 /* EventDetailsView */,
			);
			path = Views;
			sourceTree = "<group>";
		};
		156D06812B20EC0B0015A456 /* Swift */ = {
			isa = PBXGroup;
			children = (
				156D06822B20EC120015A456 /* String */,
			);
			path = Swift;
			sourceTree = "<group>";
		};
		156D06822B20EC120015A456 /* String */ = {
			isa = PBXGroup;
			children = (
				156D06912B27503B0015A456 /* String+LinesCount.swift */,
				156D06832B20EC230015A456 /* String+Placeholder.swift */,
			);
			path = String;
			sourceTree = "<group>";
		};
		156D06852B25F8010015A456 /* EventDetailsView */ = {
			isa = PBXGroup;
			children = (
				156D067B2B20994E0015A456 /* EventDetailsView.swift */,
				156D068B2B2726800015A456 /* EventDetailsView+VisualState.swift */,
				156D06862B25F8120015A456 /* Presentation */,
			);
			path = EventDetailsView;
			sourceTree = "<group>";
		};
		156D06862B25F8120015A456 /* Presentation */ = {
			isa = PBXGroup;
			children = (
				156D06872B25F8AF0015A456 /* EventPresentability.swift */,
				156D068F2B272E3B0015A456 /* ClientResponseEventPresentability.swift */,
				156D06892B25F8F90015A456 /* BasicResponseEventPresentability.swift */,
				156D068D2B2728A10015A456 /* ExtendedResponseEventPresentability.swift */,
			);
			path = Presentation;
			sourceTree = "<group>";
		};
		156D069E2B2B8F550015A456 /* Config */ = {
			isa = PBXGroup;
			children = (
				156D069B2B2B217F0015A456 /* ConfigVariable.swift */,
				153560312BC55F0400BAD949 /* ConfigVariable+SmartSignals.swift */,
			);
			path = Config;
			sourceTree = "<group>";
		};
		1589C9FB2B5805AE0053A9FA /* Common */ = {
			isa = PBXGroup;
			children = (
				1589C9FC2B5805CB0053A9FA /* Error */,
			);
			path = Common;
			sourceTree = "<group>";
		};
		1589C9FC2B5805CB0053A9FA /* Error */ = {
			isa = PBXGroup;
			children = (
				1589C9FD2B5806450053A9FA /* PresentableError+CommonErrors.swift */,
				1589CA002B5806AA0053A9FA /* PresentableError+FromError.swift */,
			);
			path = Error;
			sourceTree = "<group>";
		};
		159A2DBA2BB60AAC00A470F1 /* Persistence */ = {
			isa = PBXGroup;
			children = (
				154A1D792C52688600D268F4 /* Keychain */,
				159A2DC02BB60C7100A470F1 /* UserDefaults */,
				159A2DBE2BB60C1400A470F1 /* BackingStorage.swift */,
				159A2DBC2BB60B8D00A470F1 /* PersistenceContainer.swift */,
			);
			path = Persistence;
			sourceTree = "<group>";
		};
		159A2DC02BB60C7100A470F1 /* UserDefaults */ = {
			isa = PBXGroup;
			children = (
				159A2DC12BB60CC900A470F1 /* UserDefaults+BackingStorage.swift */,
			);
			path = UserDefaults;
			sourceTree = "<group>";
		};
		159A2DC82BB703E700A470F1 /* Settings */ = {
			isa = PBXGroup;
			children = (
				159F982B2CDA47A100EBABED /* Model */,
				159A2DC92BB7043700A470F1 /* SettingsContainer.swift */,
			);
			path = Settings;
			sourceTree = "<group>";
		};
		159A2DD52BBEB27E00A470F1 /* Networking */ = {
			isa = PBXGroup;
			children = (
				159A2DD62BBEB2AD00A470F1 /* Convertibles */,
				159A2DDA2BBEB35800A470F1 /* Error */,
				159A2DE12BBEB56B00A470F1 /* HTTP */,
			);
			path = Networking;
			sourceTree = "<group>";
		};
		159A2DD62BBEB2AD00A470F1 /* Convertibles */ = {
			isa = PBXGroup;
			children = (
				159A2DD72BBEB2D500A470F1 /* URLConvertible.swift */,
				159A2DDF2BBEB50500A470F1 /* URLConvertibleEndpoint.swift */,
				159A2DDD2BBEB44600A470F1 /* URLRequestConvertible.swift */,
			);
			path = Convertibles;
			sourceTree = "<group>";
		};
		159A2DDA2BBEB35800A470F1 /* Error */ = {
			isa = PBXGroup;
			children = (
				159A2DDB2BBEB38900A470F1 /* NetworkingError.swift */,
			);
			path = Error;
			sourceTree = "<group>";
		};
		159A2DE12BBEB56B00A470F1 /* HTTP */ = {
			isa = PBXGroup;
			children = (
				159A2DE42BBEB5E400A470F1 /* HTTPClient.swift */,
				154CDBA82BBF08F700D5C3AF /* HTTPHeaderField.swift */,
				159A2DE22BBEB59600A470F1 /* HTTPMethod.swift */,
			);
			path = HTTP;
			sourceTree = "<group>";
		};
		159A2DE62BBED88800A470F1 /* SmartSignals */ = {
			isa = PBXGroup;
			children = (
				154CDBAB2BC40A9E00D5C3AF /* Model */,
				154CDBAC2BC40AB400D5C3AF /* SmartSignalsService.swift */,
				154CDBB02BC4124400D5C3AF /* SmartSignalsService+Default.swift */,
			);
			path = SmartSignals;
			sourceTree = "<group>";
		};
		159F981E2CDA3C3800EBABED /* Navigation */ = {
			isa = PBXGroup;
			children = (
				15AB322E2CE5117A00D23C17 /* Route.swift */,
				159F981F2CDA3C4E00EBABED /* NavigationDestinationHandler.swift */,
				15AB32322CE5213900D23C17 /* DeepLinking */,
			);
			path = Navigation;
			sourceTree = "<group>";
		};
		159F98212CDA3CD200EBABED /* Navigation */ = {
			isa = PBXGroup;
			children = (
				15AB32372CE52B0F00D23C17 /* SettingsRoute.swift */,
				159F98222CDA3D6500EBABED /* SettingsNavigationDestinationHandler.swift */,
				159F98242CDA3DAB00EBABED /* Preview */,
			);
			path = Navigation;
			sourceTree = "<group>";
		};
		159F98242CDA3DAB00EBABED /* Preview */ = {
			isa = PBXGroup;
			children = (
				159F98252CDA3DD700EBABED /* SettingsNavigationDestinationHandler+Preview.swift */,
			);
			path = Preview;
			sourceTree = "<group>";
		};
		159F982B2CDA47A100EBABED /* Model */ = {
			isa = PBXGroup;
			children = (
				159F982C2CDA47B100EBABED /* ApiKeysConfig.swift */,
			);
			path = Model;
			sourceTree = "<group>";
		};
		15AB32322CE5213900D23C17 /* DeepLinking */ = {
			isa = PBXGroup;
			children = (
				15AB32302CE5134B00D23C17 /* DeepLinkNavigator.swift */,
				15AB32352CE5224E00D23C17 /* EnvironmentValues+DeepLink.swift */,
				15AB32332CE5215300D23C17 /* View+OnDeepLink.swift */,
			);
			path = DeepLinking;
			sourceTree = "<group>";
		};
		15B16C1A2BC802ED00A6D8A2 /* Geolocation */ = {
			isa = PBXGroup;
			children = (
				15B16C1B2BC8030100A6D8A2 /* GeolocationService.swift */,
				15B16C1E2BC80D7600A6D8A2 /* GeolocationService+Default.swift */,
			);
			path = Geolocation;
			sourceTree = "<group>";
		};
		15B6D18D2B30681B0064F033 /* Domain */ = {
			isa = PBXGroup;
			children = (
				15B6D1912B30A1170064F033 /* Coding */,
				15DB47CF2CEB569200F391A3 /* FingerprintServerAPI */,
				15B6D1972B30AE540064F033 /* Format */,
				15B6D1AD2B3214030064F033 /* Services */,
				159A2DC82BB703E700A470F1 /* Settings */,
			);
			path = Domain;
			sourceTree = "<group>";
		};
		15B6D1912B30A1170064F033 /* Coding */ = {
			isa = PBXGroup;
			children = (
				159A2DC42BB6E30000A470F1 /* DataDecoder.swift */,
				159A2DC62BB6E31300A470F1 /* DataEncoder.swift */,
				15B6D1A52B30C4DD0064F033 /* Date */,
				15B6D1A42B30C4B00064F033 /* Model */,
			);
			path = Coding;
			sourceTree = "<group>";
		};
		15B6D1972B30AE540064F033 /* Format */ = {
			isa = PBXGroup;
			children = (
				15B6D1992B30AE750064F033 /* Format.swift */,
				15B6D19C2B30AEAC0064F033 /* Format+Date.swift */,
				15B6D19E2B30C1080064F033 /* Format+Number.swift */,
			);
			path = Format;
			sourceTree = "<group>";
		};
		15B6D1A42B30C4B00064F033 /* Model */ = {
			isa = PBXGroup;
			children = (
				15B6D1942B30A1460064F033 /* FingerprintResponse+Encodable.swift */,
				159F98292CDA472B00EBABED /* Region+Codable.swift */,
			);
			path = Model;
			sourceTree = "<group>";
		};
		15B6D1A52B30C4DD0064F033 /* Date */ = {
			isa = PBXGroup;
			children = (
				15B6D1A22B30C49F0064F033 /* DateEncodingStrategy+ISO8601Full.swift */,
			);
			path = Date;
			sourceTree = "<group>";
		};
		15B6D1A62B31AC4C0064F033 /* ViewModel */ = {
			isa = PBXGroup;
			children = (
				15B6D1A72B31AC7D0064F033 /* ClientResponseEventViewModel.swift */,
				15B6D1B72B334A230064F033 /* DeviceFingerprintViewModel.swift */,
				154B2FAB2B862083004E79AC /* Preview */,
			);
			path = ViewModel;
			sourceTree = "<group>";
		};
		15B6D1AD2B3214030064F033 /* Services */ = {
			isa = PBXGroup;
			children = (
				15B6D1AE2B3214220064F033 /* DeviceIdentification */,
				15B16C1A2BC802ED00A6D8A2 /* Geolocation */,
				159A2DE62BBED88800A470F1 /* SmartSignals */,
			);
			path = Services;
			sourceTree = "<group>";
		};
		15B6D1AE2B3214220064F033 /* DeviceIdentification */ = {
			isa = PBXGroup;
			children = (
				15B6D1AA2B3210EE0064F033 /* DeviceIdentificationService.swift */,
				15B6D1B02B3214440064F033 /* DeviceIdentificationService+Default.swift */,
			);
			path = DeviceIdentification;
			sourceTree = "<group>";
		};
		15B6D1B22B3324B50064F033 /* Error */ = {
			isa = PBXGroup;
			children = (
				15B6D1B42B3324F10064F033 /* PresentableError.swift */,
			);
			path = Error;
			sourceTree = "<group>";
		};
		15D043A12CD3A456009C357F /* Region */ = {
			isa = PBXGroup;
			children = (
				15D043A42CD3A46E009C357F /* PresentableRegion.swift */,
			);
			path = Region;
			sourceTree = "<group>";
		};
		15DB47CF2CEB569200F391A3 /* FingerprintServerAPI */ = {
			isa = PBXGroup;
			children = (
				15DB47D02CEB56A600F391A3 /* FingerprintServerAPI.swift */,
				15DB47D22CEB5BD300F391A3 /* Client */,
				15DB47DC2CEB656400F391A3 /* Error */,
			);
			path = FingerprintServerAPI;
			sourceTree = "<group>";
		};
		15DB47D22CEB5BD300F391A3 /* Client */ = {
			isa = PBXGroup;
			children = (
				15DB47D82CEB621000F391A3 /* FingerprintServerAPI+Endpoints.swift */,
				15DB47D32CEB5C1B00F391A3 /* FingerprintServerAPI+Client.swift */,
			);
			path = Client;
			sourceTree = "<group>";
		};
		15DB47DC2CEB656400F391A3 /* Error */ = {
			isa = PBXGroup;
			children = (
				15DB47DD2CEB657500F391A3 /* FingerprintServerAPI+ResponseError.swift */,
			);
			path = Error;
			sourceTree = "<group>";
		};
/* End PBXGroup section */

/* Begin PBXNativeTarget section */
		156D063F2B0F5FA50015A456 /* FingerprintProDemo */ = {
			isa = PBXNativeTarget;
			buildConfigurationList = 156D064E2B0F5FA60015A456 /* Build configuration list for PBXNativeTarget "FingerprintProDemo" */;
			buildPhases = (
				15FEE4E42D3AEAD100A3CCFA /* Lint Code */,
				156D063C2B0F5FA50015A456 /* Sources */,
				156D063D2B0F5FA50015A456 /* Frameworks */,
				156D063E2B0F5FA50015A456 /* Resources */,
				154A1D662C4A829100D268F4 /* Set Settings Bundle Values */,
			);
			buildRules = (
			);
			dependencies = (
				156D069A2B2B1F5F0015A456 /* PBXTargetDependency */,
			);
			name = FingerprintProDemo;
			packageProductDependencies = (
				156D06962B2B1E560015A456 /* ConfidentialKit */,
				15B6D18A2B2CA2550064F033 /* FingerprintPro */,
			);
			productName = FingerprintProDemo;
			productReference = 156D06402B0F5FA50015A456 /* FingerprintProDemo.app */;
			productType = "com.apple.product-type.application";
		};
/* End PBXNativeTarget section */

/* Begin PBXProject section */
		156D06382B0F5FA50015A456 /* Project object */ = {
			isa = PBXProject;
			attributes = {
				BuildIndependentTargetsInParallel = 1;
				LastSwiftUpdateCheck = 1500;
				LastUpgradeCheck = 1500;
				TargetAttributes = {
					156D063F2B0F5FA50015A456 = {
						CreatedOnToolsVersion = 15.0.1;
					};
				};
			};
			buildConfigurationList = 156D063B2B0F5FA50015A456 /* Build configuration list for PBXProject "FingerprintProDemo" */;
			compatibilityVersion = "Xcode 14.0";
			developmentRegion = en;
			hasScannedForEncodings = 0;
			knownRegions = (
				en,
				Base,
			);
			mainGroup = 156D06372B0F5FA50015A456;
			packageReferences = (
				15B6D1892B2CA2550064F033 /* XCRemoteSwiftPackageReference "fingerprintjs-pro-ios" */,
				156D06952B2B1E560015A456 /* XCRemoteSwiftPackageReference "swift-confidential" */,
				156D06982B2B1E620015A456 /* XCRemoteSwiftPackageReference "swift-confidential-plugin" */,
			);
			productRefGroup = 156D06412B0F5FA50015A456 /* Products */;
			projectDirPath = "";
			projectRoot = "";
			targets = (
				156D063F2B0F5FA50015A456 /* FingerprintProDemo */,
			);
		};
/* End PBXProject section */

/* Begin PBXResourcesBuildPhase section */
		156D063E2B0F5FA50015A456 /* Resources */ = {
			isa = PBXResourcesBuildPhase;
			buildActionMask = 2147483647;
			files = (
				156D06712B18948C0015A456 /* Inter-VariableFont.ttf in Resources */,
				156D06482B0F5FA60015A456 /* Assets.xcassets in Resources */,
				156D06752B18B0190015A456 /* Localizable.xcstrings in Resources */,
				1589C9D82B46C8360053A9FA /* PrivacyInfo.xcprivacy in Resources */,
				154A1D642C4A6F5400D268F4 /* Settings.bundle in Resources */,
				156D06542B0FB48F0015A456 /* LaunchScreen.storyboard in Resources */,
			);
			runOnlyForDeploymentPostprocessing = 0;
		};
/* End PBXResourcesBuildPhase section */

/* Begin PBXShellScriptBuildPhase section */
		154A1D662C4A829100D268F4 /* Set Settings Bundle Values */ = {
			isa = PBXShellScriptBuildPhase;
			buildActionMask = 2147483647;
			files = (
			);
			inputFileListPaths = (
			);
			inputPaths = (
				"$(TARGET_BUILD_DIR)/$(INFOPLIST_PATH)",
			);
			name = "Set Settings Bundle Values";
			outputFileListPaths = (
			);
			outputPaths = (
				"$(CODESIGNING_FOLDER_PATH)/Settings.bundle/Root.plist",
			);
			runOnlyForDeploymentPostprocessing = 0;
			shellPath = /bin/sh;
			shellScript = "readonly PLIST_BUDDY=\"/usr/libexec/PlistBuddy\"\nreadonly INFOPLIST=\"${TARGET_BUILD_DIR}/${INFOPLIST_PATH}\"\n\nreadonly APP_MARKETING_VERSION=$($PLIST_BUDDY -c \"Print :CFBundleShortVersionString\" \"$INFOPLIST\")\nreadonly APP_BUILD_VERSION=$($PLIST_BUDDY -c \"Print :CFBundleVersion\" \"$INFOPLIST\")\n\n$PLIST_BUDDY -c \"Set :PreferenceSpecifiers:0:DefaultValue '$APP_MARKETING_VERSION ($APP_BUILD_VERSION)'\" \"$CODESIGNING_FOLDER_PATH/Settings.bundle/Root.plist\"\n\n";
		};
		15FEE4E42D3AEAD100A3CCFA /* Lint Code */ = {
			isa = PBXShellScriptBuildPhase;
			alwaysOutOfDate = 1;
			buildActionMask = 2147483647;
			files = (
			);
			inputFileListPaths = (
			);
			inputPaths = (
			);
			name = "Lint Code";
			outputFileListPaths = (
			);
			outputPaths = (
			);
			runOnlyForDeploymentPostprocessing = 0;
			shellPath = /bin/sh;
			shellScript = "set -e\n\n\"${PROJECT_DIR}/scripts/lint_code.sh\"\n";
		};
/* End PBXShellScriptBuildPhase section */

/* Begin PBXSourcesBuildPhase section */
		156D063C2B0F5FA50015A456 /* Sources */ = {
			isa = PBXSourcesBuildPhase;
			buildActionMask = 2147483647;
			files = (
				159F97662CD921CB00EBABED /* CustomApiKeysViewModel.swift in Sources */,
				15B16C1C2BC8030100A6D8A2 /* GeolocationService.swift in Sources */,
				15B6D1B52B3324F10064F033 /* PresentableError.swift in Sources */,
				15AB322F2CE5117D00D23C17 /* Route.swift in Sources */,
				15B6D1A82B31AC7D0064F033 /* ClientResponseEventViewModel.swift in Sources */,
				159A2DE52BBEB5E400A470F1 /* HTTPClient.swift in Sources */,
				154A1D782C50048500D268F4 /* RootView.swift in Sources */,
				159A2DE02BBEB50500A470F1 /* URLConvertibleEndpoint.swift in Sources */,
				156D06672B1772FF0015A456 /* Constants.swift in Sources */,
				156D06942B276E6F0015A456 /* UIFont+Inter.swift in Sources */,
				15DB47D12CEB56B400F391A3 /* FingerprintServerAPI.swift in Sources */,
				15B6D19F2B30C1080064F033 /* Format+Number.swift in Sources */,
				154CDBB12BC4124400D5C3AF /* SmartSignalsService+Default.swift in Sources */,
				15B6D19A2B30AE750064F033 /* Format.swift in Sources */,
				154B2F9E2B7A42AD004E79AC /* DeviceIdentificationService+Preview.swift in Sources */,
				159F98232CDA3D6700EBABED /* SettingsNavigationDestinationHandler.swift in Sources */,
				155B712C2CD0FE3400F14EA8 /* CustomApiKeysView.swift in Sources */,
				154B2FA02B7A4B5F004E79AC /* FingerprintResponse+Preview.swift in Sources */,
				15AB323A2CE52B9F00D23C17 /* AppRoute.swift in Sources */,
				1589CA012B5806AA0053A9FA /* PresentableError+FromError.swift in Sources */,
				156866532BFF62CF00E01772 /* Badge.swift in Sources */,
				15B6D1AB2B3210EE0064F033 /* DeviceIdentificationService.swift in Sources */,
				156D06902B272E3B0015A456 /* ClientResponseEventPresentability.swift in Sources */,
				156D069C2B2B217F0015A456 /* ConfigVariable.swift in Sources */,
				154A1D7B2C5268A100D268F4 /* KeychainStorage.swift in Sources */,
				156D06882B25F8AF0015A456 /* EventPresentability.swift in Sources */,
				154B2FA32B7CDAA1004E79AC /* CallToActionView.swift in Sources */,
				15AB32312CE5134E00D23C17 /* DeepLinkNavigator.swift in Sources */,
				156D068A2B25F8F90015A456 /* BasicResponseEventPresentability.swift in Sources */,
				15B16C212BC811AD00A6D8A2 /* GeolocationService+Preview.swift in Sources */,
				153560372BC5BDF600BAD949 /* ClientResponseEvent.swift in Sources */,
				15AB32362CE5225300D23C17 /* EnvironmentValues+DeepLink.swift in Sources */,
				154A1D762C5003D800D268F4 /* SettingsView.swift in Sources */,
				15B6D1A32B30C49F0064F033 /* DateEncodingStrategy+ISO8601Full.swift in Sources */,
				159026522B6919B400D3FF36 /* AppInfo.swift in Sources */,
				15B6D19D2B30AEAC0064F033 /* Format+Date.swift in Sources */,
				159A2DBF2BB60C1400A470F1 /* BackingStorage.swift in Sources */,
				156D06922B27503B0015A456 /* String+LinesCount.swift in Sources */,
				156D06732B18A7B10015A456 /* Font+Inter.swift in Sources */,
				1535603C2BC6F83B00BAD949 /* SmartSignalsResponse+Preview.swift in Sources */,
				1589C9FE2B5806450053A9FA /* PresentableError+CommonErrors.swift in Sources */,
				15B6D1952B30A1460064F033 /* FingerprintResponse+Encodable.swift in Sources */,
				15B16C1F2BC80D7600A6D8A2 /* GeolocationService+Default.swift in Sources */,
				154CDBAF2BC40D1A00D5C3AF /* SmartSignalsResponse.swift in Sources */,
				156866572BFFCDF800E01772 /* URL+WithFragment.swift in Sources */,
				159F982A2CDA473100EBABED /* Region+Codable.swift in Sources */,
				15DB47DE2CEB657A00F391A3 /* FingerprintServerAPI+ResponseError.swift in Sources */,
				159A2DCE2BB7085600A470F1 /* SettingsContainer+Preview.swift in Sources */,
				159A2DC72BB6E31300A470F1 /* DataEncoder.swift in Sources */,
				155B71362CD241DB00F14EA8 /* SettingsViewModel.swift in Sources */,
				159F982D2CDA47B300EBABED /* ApiKeysConfig.swift in Sources */,
				15AB32382CE52B1300D23C17 /* SettingsRoute.swift in Sources */,
				156D065B2B1657D40015A456 /* HomeView.swift in Sources */,
				15DB47D42CEB5C2600F391A3 /* FingerprintServerAPI+Client.swift in Sources */,
				159A2DE32BBEB59600A470F1 /* HTTPMethod.swift in Sources */,
				15B6D1B12B3214440064F033 /* DeviceIdentificationService+Default.swift in Sources */,
				156D06582B1600A80015A456 /* FingerprintButtonStyle.swift in Sources */,
				156D06842B20EC230015A456 /* String+Placeholder.swift in Sources */,
				15B6D1BB2B334CDC0064F033 /* DeviceFingerprintView.swift in Sources */,
				154CDBAD2BC40AB400D5C3AF /* SmartSignalsService.swift in Sources */,
				159A2DC22BB60CC900A470F1 /* UserDefaults+BackingStorage.swift in Sources */,
				154B2FAF2B8620B8004E79AC /* DeviceFingerprintViewModel+Preview.swift in Sources */,
				15D043A62CD3A472009C357F /* PresentableRegion.swift in Sources */,
				159A2DDC2BBEB38900A470F1 /* NetworkingError.swift in Sources */,
				159A2DDE2BBEB44600A470F1 /* URLRequestConvertible.swift in Sources */,
				15B6D1B82B334A230064F033 /* DeviceFingerprintViewModel.swift in Sources */,
				156D068C2B2726800015A456 /* EventDetailsView+VisualState.swift in Sources */,
				155B71322CD14F2E00F14EA8 /* SettingButton.swift in Sources */,
				159F976E2CD95F8900EBABED /* CustomApiKeysViewModel+Preview.swift in Sources */,
				159A2DCA2BB7043700A470F1 /* SettingsContainer.swift in Sources */,
				156D067C2B20994E0015A456 /* EventDetailsView.swift in Sources */,
				15DB47D92CEB621900F391A3 /* FingerprintServerAPI+Endpoints.swift in Sources */,
				159F98202CDA3C5100EBABED /* NavigationDestinationHandler.swift in Sources */,
				155B713B2CD24B3D00F14EA8 /* SettingsViewModel+Preview.swift in Sources */,
				159A2DBD2BB60B8D00A470F1 /* PersistenceContainer.swift in Sources */,
				154CDBA92BBF08F700D5C3AF /* HTTPHeaderField.swift in Sources */,
				159A2DD82BBEB2D500A470F1 /* URLConvertible.swift in Sources */,
				154A1D712C4FFBC900D268F4 /* UIFont+Weight.swift in Sources */,
				156D06782B1DF99E0015A456 /* ErrorView.swift in Sources */,
				153560392BC6F7C600BAD949 /* SmartSignalsService+Preview.swift in Sources */,
				15AB32342CE5215900D23C17 /* View+OnDeepLink.swift in Sources */,
				159A2DC52BB6E30000A470F1 /* DataDecoder.swift in Sources */,
				153560322BC55F0400BAD949 /* ConfigVariable+SmartSignals.swift in Sources */,
				156D067A2B1E49390015A456 /* DefaultButtonStyle.swift in Sources */,
				159F98262CDA3DE100EBABED /* SettingsNavigationDestinationHandler+Preview.swift in Sources */,
				156D068E2B2728A10015A456 /* ExtendedResponseEventPresentability.swift in Sources */,
				156D06642B1772AB0015A456 /* URL+StaticString.swift in Sources */,
				156D06442B0F5FA50015A456 /* FingerprintProDemoApp.swift in Sources */,
				154B2FA82B861C86004E79AC /* UserDefaults+Preview.swift in Sources */,
			);
			runOnlyForDeploymentPostprocessing = 0;
		};
/* End PBXSourcesBuildPhase section */

/* Begin PBXTargetDependency section */
		156D069A2B2B1F5F0015A456 /* PBXTargetDependency */ = {
			isa = PBXTargetDependency;
			productRef = 156D06992B2B1F5F0015A456 /* Confidential */;
		};
/* End PBXTargetDependency section */

/* Begin XCBuildConfiguration section */
		156D064C2B0F5FA60015A456 /* Debug */ = {
			isa = XCBuildConfiguration;
			buildSettings = {
				ALWAYS_SEARCH_USER_PATHS = NO;
				ASSETCATALOG_COMPILER_GENERATE_SWIFT_ASSET_SYMBOL_EXTENSIONS = YES;
				CLANG_ANALYZER_NONNULL = YES;
				CLANG_ANALYZER_NUMBER_OBJECT_CONVERSION = YES_AGGRESSIVE;
				CLANG_CXX_LANGUAGE_STANDARD = "gnu++20";
				CLANG_ENABLE_MODULES = YES;
				CLANG_ENABLE_OBJC_ARC = YES;
				CLANG_ENABLE_OBJC_WEAK = YES;
				CLANG_WARN_BLOCK_CAPTURE_AUTORELEASING = YES;
				CLANG_WARN_BOOL_CONVERSION = YES;
				CLANG_WARN_COMMA = YES;
				CLANG_WARN_CONSTANT_CONVERSION = YES;
				CLANG_WARN_DEPRECATED_OBJC_IMPLEMENTATIONS = YES;
				CLANG_WARN_DIRECT_OBJC_ISA_USAGE = YES_ERROR;
				CLANG_WARN_DOCUMENTATION_COMMENTS = YES;
				CLANG_WARN_EMPTY_BODY = YES;
				CLANG_WARN_ENUM_CONVERSION = YES;
				CLANG_WARN_INFINITE_RECURSION = YES;
				CLANG_WARN_INT_CONVERSION = YES;
				CLANG_WARN_NON_LITERAL_NULL_CONVERSION = YES;
				CLANG_WARN_OBJC_IMPLICIT_RETAIN_SELF = YES;
				CLANG_WARN_OBJC_LITERAL_CONVERSION = YES;
				CLANG_WARN_OBJC_ROOT_CLASS = YES_ERROR;
				CLANG_WARN_QUOTED_INCLUDE_IN_FRAMEWORK_HEADER = YES;
				CLANG_WARN_RANGE_LOOP_ANALYSIS = YES;
				CLANG_WARN_STRICT_PROTOTYPES = YES;
				CLANG_WARN_SUSPICIOUS_MOVE = YES;
				CLANG_WARN_UNGUARDED_AVAILABILITY = YES_AGGRESSIVE;
				CLANG_WARN_UNREACHABLE_CODE = YES;
				CLANG_WARN__DUPLICATE_METHOD_MATCH = YES;
				COPY_PHASE_STRIP = NO;
				DEBUG_INFORMATION_FORMAT = dwarf;
				ENABLE_STRICT_OBJC_MSGSEND = YES;
				ENABLE_TESTABILITY = YES;
				ENABLE_USER_SCRIPT_SANDBOXING = YES;
				GCC_C_LANGUAGE_STANDARD = gnu17;
				GCC_DYNAMIC_NO_PIC = NO;
				GCC_NO_COMMON_BLOCKS = YES;
				GCC_OPTIMIZATION_LEVEL = 0;
				GCC_PREPROCESSOR_DEFINITIONS = (
					"DEBUG=1",
					"$(inherited)",
				);
				GCC_WARN_64_TO_32_BIT_CONVERSION = YES;
				GCC_WARN_ABOUT_RETURN_TYPE = YES_ERROR;
				GCC_WARN_UNDECLARED_SELECTOR = YES;
				GCC_WARN_UNINITIALIZED_AUTOS = YES_AGGRESSIVE;
				GCC_WARN_UNUSED_FUNCTION = YES;
				GCC_WARN_UNUSED_VARIABLE = YES;
				IPHONEOS_DEPLOYMENT_TARGET = 16.0;
				LOCALIZATION_PREFERS_STRING_CATALOGS = YES;
				MTL_ENABLE_DEBUG_INFO = INCLUDE_SOURCE;
				MTL_FAST_MATH = YES;
				ONLY_ACTIVE_ARCH = YES;
				SDKROOT = iphoneos;
				SWIFT_ACTIVE_COMPILATION_CONDITIONS = "DEBUG $(inherited)";
				SWIFT_OPTIMIZATION_LEVEL = "-Onone";
			};
			name = Debug;
		};
		156D064D2B0F5FA60015A456 /* Release */ = {
			isa = XCBuildConfiguration;
			buildSettings = {
				ALWAYS_SEARCH_USER_PATHS = NO;
				ASSETCATALOG_COMPILER_GENERATE_SWIFT_ASSET_SYMBOL_EXTENSIONS = YES;
				CLANG_ANALYZER_NONNULL = YES;
				CLANG_ANALYZER_NUMBER_OBJECT_CONVERSION = YES_AGGRESSIVE;
				CLANG_CXX_LANGUAGE_STANDARD = "gnu++20";
				CLANG_ENABLE_MODULES = YES;
				CLANG_ENABLE_OBJC_ARC = YES;
				CLANG_ENABLE_OBJC_WEAK = YES;
				CLANG_WARN_BLOCK_CAPTURE_AUTORELEASING = YES;
				CLANG_WARN_BOOL_CONVERSION = YES;
				CLANG_WARN_COMMA = YES;
				CLANG_WARN_CONSTANT_CONVERSION = YES;
				CLANG_WARN_DEPRECATED_OBJC_IMPLEMENTATIONS = YES;
				CLANG_WARN_DIRECT_OBJC_ISA_USAGE = YES_ERROR;
				CLANG_WARN_DOCUMENTATION_COMMENTS = YES;
				CLANG_WARN_EMPTY_BODY = YES;
				CLANG_WARN_ENUM_CONVERSION = YES;
				CLANG_WARN_INFINITE_RECURSION = YES;
				CLANG_WARN_INT_CONVERSION = YES;
				CLANG_WARN_NON_LITERAL_NULL_CONVERSION = YES;
				CLANG_WARN_OBJC_IMPLICIT_RETAIN_SELF = YES;
				CLANG_WARN_OBJC_LITERAL_CONVERSION = YES;
				CLANG_WARN_OBJC_ROOT_CLASS = YES_ERROR;
				CLANG_WARN_QUOTED_INCLUDE_IN_FRAMEWORK_HEADER = YES;
				CLANG_WARN_RANGE_LOOP_ANALYSIS = YES;
				CLANG_WARN_STRICT_PROTOTYPES = YES;
				CLANG_WARN_SUSPICIOUS_MOVE = YES;
				CLANG_WARN_UNGUARDED_AVAILABILITY = YES_AGGRESSIVE;
				CLANG_WARN_UNREACHABLE_CODE = YES;
				CLANG_WARN__DUPLICATE_METHOD_MATCH = YES;
				COPY_PHASE_STRIP = NO;
				DEBUG_INFORMATION_FORMAT = "dwarf-with-dsym";
				ENABLE_NS_ASSERTIONS = NO;
				ENABLE_STRICT_OBJC_MSGSEND = YES;
				ENABLE_USER_SCRIPT_SANDBOXING = YES;
				GCC_C_LANGUAGE_STANDARD = gnu17;
				GCC_NO_COMMON_BLOCKS = YES;
				GCC_WARN_64_TO_32_BIT_CONVERSION = YES;
				GCC_WARN_ABOUT_RETURN_TYPE = YES_ERROR;
				GCC_WARN_UNDECLARED_SELECTOR = YES;
				GCC_WARN_UNINITIALIZED_AUTOS = YES_AGGRESSIVE;
				GCC_WARN_UNUSED_FUNCTION = YES;
				GCC_WARN_UNUSED_VARIABLE = YES;
				IPHONEOS_DEPLOYMENT_TARGET = 16.0;
				LOCALIZATION_PREFERS_STRING_CATALOGS = YES;
				MTL_ENABLE_DEBUG_INFO = NO;
				MTL_FAST_MATH = YES;
				SDKROOT = iphoneos;
				SWIFT_COMPILATION_MODE = wholemodule;
				VALIDATE_PRODUCT = YES;
			};
			name = Release;
		};
		156D064F2B0F5FA60015A456 /* Debug */ = {
			isa = XCBuildConfiguration;
			buildSettings = {
				ASSETCATALOG_COMPILER_APPICON_NAME = AppIcon;
				ASSETCATALOG_COMPILER_GLOBAL_ACCENT_COLOR_NAME = AccentColor;
				CODE_SIGN_STYLE = Automatic;
				CURRENT_PROJECT_VERSION = 2;
				DEVELOPMENT_ASSET_PATHS = "FingerprintProDemo/Features/Settings/Navigation/Preview FingerprintProDemo/Features/Home/ViewModel/Preview FingerprintProDemo/PreviewContent FingerprintProDemo/Features/Settings/ViewModel/Preview";
				DEVELOPMENT_TEAM = AQ93X82PXZ;
				ENABLE_PREVIEWS = YES;
				ENABLE_USER_SCRIPT_SANDBOXING = NO;
				GENERATE_INFOPLIST_FILE = YES;
				INFOPLIST_FILE = FingerprintProDemo/Info.plist;
				INFOPLIST_KEY_CFBundleDisplayName = "Fingerprint Pro";
				INFOPLIST_KEY_LSApplicationCategoryType = "public.app-category.developer-tools";
				INFOPLIST_KEY_NSLocationWhenInUseUsageDescription = "To detect Geolocation Spoofing, our SDK requires access to location services.";
				INFOPLIST_KEY_UIApplicationSceneManifest_Generation = YES;
				INFOPLIST_KEY_UIApplicationSupportsIndirectInputEvents = YES;
				INFOPLIST_KEY_UILaunchStoryboardName = LaunchScreen;
				INFOPLIST_KEY_UISupportedInterfaceOrientations = UIInterfaceOrientationPortrait;
				INFOPLIST_KEY_UISupportedInterfaceOrientations_iPad = "UIInterfaceOrientationLandscapeLeft UIInterfaceOrientationLandscapeRight UIInterfaceOrientationPortrait UIInterfaceOrientationPortraitUpsideDown";
				LD_RUNPATH_SEARCH_PATHS = (
					"$(inherited)",
					"@executable_path/Frameworks",
				);
				MARKETING_VERSION = 2.2.0;
				PRODUCT_BUNDLE_IDENTIFIER = com.fingerprintjs.FingerprintProDemo;
				PRODUCT_NAME = "$(TARGET_NAME)";
				SUPPORTED_PLATFORMS = "iphoneos iphonesimulator";
				SUPPORTS_MACCATALYST = NO;
				SUPPORTS_MAC_DESIGNED_FOR_IPHONE_IPAD = NO;
				SUPPORTS_XR_DESIGNED_FOR_IPHONE_IPAD = NO;
				SWIFT_EMIT_LOC_STRINGS = YES;
				SWIFT_VERSION = 5.0;
				TARGETED_DEVICE_FAMILY = "1,2";
			};
			name = Debug;
		};
		156D06502B0F5FA60015A456 /* Release */ = {
			isa = XCBuildConfiguration;
			buildSettings = {
				ASSETCATALOG_COMPILER_APPICON_NAME = AppIcon;
				ASSETCATALOG_COMPILER_GLOBAL_ACCENT_COLOR_NAME = AccentColor;
				CODE_SIGN_STYLE = Automatic;
				CURRENT_PROJECT_VERSION = 2;
				DEVELOPMENT_ASSET_PATHS = "FingerprintProDemo/Features/Settings/Navigation/Preview FingerprintProDemo/Features/Home/ViewModel/Preview FingerprintProDemo/PreviewContent FingerprintProDemo/Features/Settings/ViewModel/Preview";
				DEVELOPMENT_TEAM = AQ93X82PXZ;
				ENABLE_PREVIEWS = YES;
				ENABLE_USER_SCRIPT_SANDBOXING = NO;
				GENERATE_INFOPLIST_FILE = YES;
				INFOPLIST_FILE = FingerprintProDemo/Info.plist;
				INFOPLIST_KEY_CFBundleDisplayName = "Fingerprint Pro";
				INFOPLIST_KEY_LSApplicationCategoryType = "public.app-category.developer-tools";
				INFOPLIST_KEY_NSLocationWhenInUseUsageDescription = "To detect Geolocation Spoofing, our SDK requires access to location services.";
				INFOPLIST_KEY_UIApplicationSceneManifest_Generation = YES;
				INFOPLIST_KEY_UIApplicationSupportsIndirectInputEvents = YES;
				INFOPLIST_KEY_UILaunchStoryboardName = LaunchScreen;
				INFOPLIST_KEY_UISupportedInterfaceOrientations = UIInterfaceOrientationPortrait;
				INFOPLIST_KEY_UISupportedInterfaceOrientations_iPad = "UIInterfaceOrientationLandscapeLeft UIInterfaceOrientationLandscapeRight UIInterfaceOrientationPortrait UIInterfaceOrientationPortraitUpsideDown";
				LD_RUNPATH_SEARCH_PATHS = (
					"$(inherited)",
					"@executable_path/Frameworks",
				);
				MARKETING_VERSION = 2.2.0;
				PRODUCT_BUNDLE_IDENTIFIER = com.fingerprintjs.FingerprintProDemo;
				PRODUCT_NAME = "$(TARGET_NAME)";
				SUPPORTED_PLATFORMS = "iphoneos iphonesimulator";
				SUPPORTS_MACCATALYST = NO;
				SUPPORTS_MAC_DESIGNED_FOR_IPHONE_IPAD = NO;
				SUPPORTS_XR_DESIGNED_FOR_IPHONE_IPAD = NO;
				SWIFT_EMIT_LOC_STRINGS = YES;
				SWIFT_VERSION = 5.0;
				TARGETED_DEVICE_FAMILY = "1,2";
			};
			name = Release;
		};
/* End XCBuildConfiguration section */

/* Begin XCConfigurationList section */
		156D063B2B0F5FA50015A456 /* Build configuration list for PBXProject "FingerprintProDemo" */ = {
			isa = XCConfigurationList;
			buildConfigurations = (
				156D064C2B0F5FA60015A456 /* Debug */,
				156D064D2B0F5FA60015A456 /* Release */,
			);
			defaultConfigurationIsVisible = 0;
			defaultConfigurationName = Release;
		};
		156D064E2B0F5FA60015A456 /* Build configuration list for PBXNativeTarget "FingerprintProDemo" */ = {
			isa = XCConfigurationList;
			buildConfigurations = (
				156D064F2B0F5FA60015A456 /* Debug */,
				156D06502B0F5FA60015A456 /* Release */,
			);
			defaultConfigurationIsVisible = 0;
			defaultConfigurationName = Release;
		};
/* End XCConfigurationList section */

/* Begin XCRemoteSwiftPackageReference section */
		156D06952B2B1E560015A456 /* XCRemoteSwiftPackageReference "swift-confidential" */ = {
			isa = XCRemoteSwiftPackageReference;
			repositoryURL = "https://github.com/securevale/swift-confidential.git";
			requirement = {
				kind = upToNextMinorVersion;
				minimumVersion = 0.3.0;
			};
		};
		156D06982B2B1E620015A456 /* XCRemoteSwiftPackageReference "swift-confidential-plugin" */ = {
			isa = XCRemoteSwiftPackageReference;
			repositoryURL = "https://github.com/securevale/swift-confidential-plugin.git";
			requirement = {
				kind = upToNextMinorVersion;
				minimumVersion = 0.3.0;
			};
		};
		15B6D1892B2CA2550064F033 /* XCRemoteSwiftPackageReference "fingerprintjs-pro-ios" */ = {
			isa = XCRemoteSwiftPackageReference;
			repositoryURL = "https://github.com/fingerprintjs/fingerprintjs-pro-ios";
			requirement = {
				kind = exactVersion;
				version = 2.8.0;
			};
		};
/* End XCRemoteSwiftPackageReference section */

/* Begin XCSwiftPackageProductDependency section */
		156D06962B2B1E560015A456 /* ConfidentialKit */ = {
			isa = XCSwiftPackageProductDependency;
			package = 156D06952B2B1E560015A456 /* XCRemoteSwiftPackageReference "swift-confidential" */;
			productName = ConfidentialKit;
		};
		156D06992B2B1F5F0015A456 /* Confidential */ = {
			isa = XCSwiftPackageProductDependency;
			package = 156D06982B2B1E620015A456 /* XCRemoteSwiftPackageReference "swift-confidential-plugin" */;
			productName = "plugin:Confidential";
		};
		15B6D18A2B2CA2550064F033 /* FingerprintPro */ = {
			isa = XCSwiftPackageProductDependency;
			package = 15B6D1892B2CA2550064F033 /* XCRemoteSwiftPackageReference "fingerprintjs-pro-ios" */;
			productName = FingerprintPro;
		};
/* End XCSwiftPackageProductDependency section */
	};
	rootObject = 156D06382B0F5FA50015A456 /* Project object */;
}
