// !$*UTF8*$!
{
	archiveVersion = 1;
	classes = {
	};
	objectVersion = 56;
	objects = {

/* Begin PBXBuildFile section */
		156D06442B0F5FA50015A456 /* FingerprintProDemoApp.swift in Sources */ = {isa = PBXBuildFile; fileRef = 156D06432B0F5FA50015A456 /* FingerprintProDemoApp.swift */; };
		156D06482B0F5FA60015A456 /* Assets.xcassets in Resources */ = {isa = PBXBuildFile; fileRef = 156D06472B0F5FA60015A456 /* Assets.xcassets */; };
		156D06542B0FB48F0015A456 /* LaunchScreen.storyboard in Resources */ = {isa = PBXBuildFile; fileRef = 156D06532B0FB48F0015A456 /* LaunchScreen.storyboard */; };
		156D06582B1600A80015A456 /* FingerprintButtonStyle.swift in Sources */ = {isa = PBXBuildFile; fileRef = 156D06572B1600A80015A456 /* FingerprintButtonStyle.swift */; };
		156D065B2B1657D40015A456 /* HomeView.swift in Sources */ = {isa = PBXBuildFile; fileRef = 156D065A2B1657D40015A456 /* HomeView.swift */; };
		156D06642B1772AB0015A456 /* URL+StaticString.swift in Sources */ = {isa = PBXBuildFile; fileRef = 156D06632B1772AB0015A456 /* URL+StaticString.swift */; };
		156D06672B1772FF0015A456 /* Constants.swift in Sources */ = {isa = PBXBuildFile; fileRef = 156D06662B1772FF0015A456 /* Constants.swift */; };
		156D06712B18948C0015A456 /* Inter-VariableFont.ttf in Resources */ = {isa = PBXBuildFile; fileRef = 156D06702B18948C0015A456 /* Inter-VariableFont.ttf */; };
		156D06732B18A7B10015A456 /* Font+Inter.swift in Sources */ = {isa = PBXBuildFile; fileRef = 156D06722B18A7B10015A456 /* Font+Inter.swift */; };
		156D06752B18B0190015A456 /* Localizable.xcstrings in Resources */ = {isa = PBXBuildFile; fileRef = 156D06742B18B0190015A456 /* Localizable.xcstrings */; };
		156D06782B1DF99E0015A456 /* ErrorView.swift in Sources */ = {isa = PBXBuildFile; fileRef = 156D06772B1DF99E0015A456 /* ErrorView.swift */; };
		156D067A2B1E49390015A456 /* DefaultButtonStyle.swift in Sources */ = {isa = PBXBuildFile; fileRef = 156D06792B1E49390015A456 /* DefaultButtonStyle.swift */; };
		156D067C2B20994E0015A456 /* EventDetailsView.swift in Sources */ = {isa = PBXBuildFile; fileRef = 156D067B2B20994E0015A456 /* EventDetailsView.swift */; };
		156D06802B20DEEE0015A456 /* View+RedactedIf.swift in Sources */ = {isa = PBXBuildFile; fileRef = 156D067F2B20DEEE0015A456 /* View+RedactedIf.swift */; };
		156D06842B20EC230015A456 /* String+Placeholder.swift in Sources */ = {isa = PBXBuildFile; fileRef = 156D06832B20EC230015A456 /* String+Placeholder.swift */; };
		156D06882B25F8AF0015A456 /* EventPresentability.swift in Sources */ = {isa = PBXBuildFile; fileRef = 156D06872B25F8AF0015A456 /* EventPresentability.swift */; };
		156D068A2B25F8F90015A456 /* BasicResponseEventPresentability.swift in Sources */ = {isa = PBXBuildFile; fileRef = 156D06892B25F8F90015A456 /* BasicResponseEventPresentability.swift */; };
		156D068C2B2726800015A456 /* EventDetailsView+VisualState.swift in Sources */ = {isa = PBXBuildFile; fileRef = 156D068B2B2726800015A456 /* EventDetailsView+VisualState.swift */; };
		156D068E2B2728A10015A456 /* ExtendedResponseEventPresentability.swift in Sources */ = {isa = PBXBuildFile; fileRef = 156D068D2B2728A10015A456 /* ExtendedResponseEventPresentability.swift */; };
		156D06902B272E3B0015A456 /* ClientResponseEventPresentability.swift in Sources */ = {isa = PBXBuildFile; fileRef = 156D068F2B272E3B0015A456 /* ClientResponseEventPresentability.swift */; };
		156D06922B27503B0015A456 /* String+LinesCount.swift in Sources */ = {isa = PBXBuildFile; fileRef = 156D06912B27503B0015A456 /* String+LinesCount.swift */; };
		156D06942B276E6F0015A456 /* UIFont+Inter.swift in Sources */ = {isa = PBXBuildFile; fileRef = 156D06932B276E6F0015A456 /* UIFont+Inter.swift */; };
		156D06972B2B1E560015A456 /* ConfidentialKit in Frameworks */ = {isa = PBXBuildFile; productRef = 156D06962B2B1E560015A456 /* ConfidentialKit */; };
		156D069C2B2B217F0015A456 /* ConfigVariable.swift in Sources */ = {isa = PBXBuildFile; fileRef = 156D069B2B2B217F0015A456 /* ConfigVariable.swift */; };
		1589C9D82B46C8360053A9FA /* PrivacyInfo.xcprivacy in Resources */ = {isa = PBXBuildFile; fileRef = 1589C9D72B46C8360053A9FA /* PrivacyInfo.xcprivacy */; };
		1589C9FE2B5806450053A9FA /* PresentableError+CommonErrors.swift in Sources */ = {isa = PBXBuildFile; fileRef = 1589C9FD2B5806450053A9FA /* PresentableError+CommonErrors.swift */; };
		1589CA012B5806AA0053A9FA /* PresentableError+FromError.swift in Sources */ = {isa = PBXBuildFile; fileRef = 1589CA002B5806AA0053A9FA /* PresentableError+FromError.swift */; };
		159026522B6919B400D3FF36 /* AppInfo.swift in Sources */ = {isa = PBXBuildFile; fileRef = 159026512B6919B400D3FF36 /* AppInfo.swift */; };
		15B6D18B2B2CA2550064F033 /* FingerprintPro in Frameworks */ = {isa = PBXBuildFile; productRef = 15B6D18A2B2CA2550064F033 /* FingerprintPro */; };
		15B6D1952B30A1460064F033 /* FingerprintResponse+Encodable.swift in Sources */ = {isa = PBXBuildFile; fileRef = 15B6D1942B30A1460064F033 /* FingerprintResponse+Encodable.swift */; };
		15B6D19A2B30AE750064F033 /* Format.swift in Sources */ = {isa = PBXBuildFile; fileRef = 15B6D1992B30AE750064F033 /* Format.swift */; };
		15B6D19D2B30AEAC0064F033 /* Format+Date.swift in Sources */ = {isa = PBXBuildFile; fileRef = 15B6D19C2B30AEAC0064F033 /* Format+Date.swift */; };
		15B6D19F2B30C1080064F033 /* Format+Number.swift in Sources */ = {isa = PBXBuildFile; fileRef = 15B6D19E2B30C1080064F033 /* Format+Number.swift */; };
		15B6D1A32B30C49F0064F033 /* DateEncodingStrategy+ISO8601Full.swift in Sources */ = {isa = PBXBuildFile; fileRef = 15B6D1A22B30C49F0064F033 /* DateEncodingStrategy+ISO8601Full.swift */; };
		15B6D1A82B31AC7D0064F033 /* ClientResponseEventViewModel.swift in Sources */ = {isa = PBXBuildFile; fileRef = 15B6D1A72B31AC7D0064F033 /* ClientResponseEventViewModel.swift */; };
		15B6D1AB2B3210EE0064F033 /* DeviceIdentificationService.swift in Sources */ = {isa = PBXBuildFile; fileRef = 15B6D1AA2B3210EE0064F033 /* DeviceIdentificationService.swift */; };
		15B6D1B12B3214440064F033 /* DeviceIdentificationService+Default.swift in Sources */ = {isa = PBXBuildFile; fileRef = 15B6D1B02B3214440064F033 /* DeviceIdentificationService+Default.swift */; };
		15B6D1B52B3324F10064F033 /* PresentableError.swift in Sources */ = {isa = PBXBuildFile; fileRef = 15B6D1B42B3324F10064F033 /* PresentableError.swift */; };
		15B6D1B82B334A230064F033 /* DeviceFingerprintViewModel.swift in Sources */ = {isa = PBXBuildFile; fileRef = 15B6D1B72B334A230064F033 /* DeviceFingerprintViewModel.swift */; };
		15B6D1BB2B334CDC0064F033 /* DeviceFingerprintView.swift in Sources */ = {isa = PBXBuildFile; fileRef = 15B6D1BA2B334CDC0064F033 /* DeviceFingerprintView.swift */; };
/* End PBXBuildFile section */

/* Begin PBXFileReference section */
		156D06402B0F5FA50015A456 /* FingerprintProDemo.app */ = {isa = PBXFileReference; explicitFileType = wrapper.application; includeInIndex = 0; path = FingerprintProDemo.app; sourceTree = BUILT_PRODUCTS_DIR; };
		156D06432B0F5FA50015A456 /* FingerprintProDemoApp.swift */ = {isa = PBXFileReference; lastKnownFileType = sourcecode.swift; path = FingerprintProDemoApp.swift; sourceTree = "<group>"; };
		156D06472B0F5FA60015A456 /* Assets.xcassets */ = {isa = PBXFileReference; lastKnownFileType = folder.assetcatalog; path = Assets.xcassets; sourceTree = "<group>"; };
		156D06522B0F63F80015A456 /* Info.plist */ = {isa = PBXFileReference; lastKnownFileType = text.plist; path = Info.plist; sourceTree = "<group>"; };
		156D06532B0FB48F0015A456 /* LaunchScreen.storyboard */ = {isa = PBXFileReference; lastKnownFileType = file.storyboard; path = LaunchScreen.storyboard; sourceTree = "<group>"; };
		156D06572B1600A80015A456 /* FingerprintButtonStyle.swift */ = {isa = PBXFileReference; lastKnownFileType = sourcecode.swift; path = FingerprintButtonStyle.swift; sourceTree = "<group>"; };
		156D065A2B1657D40015A456 /* HomeView.swift */ = {isa = PBXFileReference; lastKnownFileType = sourcecode.swift; path = HomeView.swift; sourceTree = "<group>"; };
		156D06632B1772AB0015A456 /* URL+StaticString.swift */ = {isa = PBXFileReference; lastKnownFileType = sourcecode.swift; path = "URL+StaticString.swift"; sourceTree = "<group>"; };
		156D06662B1772FF0015A456 /* Constants.swift */ = {isa = PBXFileReference; lastKnownFileType = sourcecode.swift; path = Constants.swift; sourceTree = "<group>"; };
		156D06702B18948C0015A456 /* Inter-VariableFont.ttf */ = {isa = PBXFileReference; lastKnownFileType = file; path = "Inter-VariableFont.ttf"; sourceTree = "<group>"; };
		156D06722B18A7B10015A456 /* Font+Inter.swift */ = {isa = PBXFileReference; lastKnownFileType = sourcecode.swift; path = "Font+Inter.swift"; sourceTree = "<group>"; };
		156D06742B18B0190015A456 /* Localizable.xcstrings */ = {isa = PBXFileReference; lastKnownFileType = text.json.xcstrings; path = Localizable.xcstrings; sourceTree = "<group>"; };
		156D06772B1DF99E0015A456 /* ErrorView.swift */ = {isa = PBXFileReference; lastKnownFileType = sourcecode.swift; path = ErrorView.swift; sourceTree = "<group>"; };
		156D06792B1E49390015A456 /* DefaultButtonStyle.swift */ = {isa = PBXFileReference; lastKnownFileType = sourcecode.swift; path = DefaultButtonStyle.swift; sourceTree = "<group>"; };
		156D067B2B20994E0015A456 /* EventDetailsView.swift */ = {isa = PBXFileReference; lastKnownFileType = sourcecode.swift; path = EventDetailsView.swift; sourceTree = "<group>"; };
		156D067F2B20DEEE0015A456 /* View+RedactedIf.swift */ = {isa = PBXFileReference; lastKnownFileType = sourcecode.swift; path = "View+RedactedIf.swift"; sourceTree = "<group>"; };
		156D06832B20EC230015A456 /* String+Placeholder.swift */ = {isa = PBXFileReference; lastKnownFileType = sourcecode.swift; path = "String+Placeholder.swift"; sourceTree = "<group>"; };
		156D06872B25F8AF0015A456 /* EventPresentability.swift */ = {isa = PBXFileReference; lastKnownFileType = sourcecode.swift; path = EventPresentability.swift; sourceTree = "<group>"; };
		156D06892B25F8F90015A456 /* BasicResponseEventPresentability.swift */ = {isa = PBXFileReference; lastKnownFileType = sourcecode.swift; path = BasicResponseEventPresentability.swift; sourceTree = "<group>"; };
		156D068B2B2726800015A456 /* EventDetailsView+VisualState.swift */ = {isa = PBXFileReference; lastKnownFileType = sourcecode.swift; path = "EventDetailsView+VisualState.swift"; sourceTree = "<group>"; };
		156D068D2B2728A10015A456 /* ExtendedResponseEventPresentability.swift */ = {isa = PBXFileReference; lastKnownFileType = sourcecode.swift; path = ExtendedResponseEventPresentability.swift; sourceTree = "<group>"; };
		156D068F2B272E3B0015A456 /* ClientResponseEventPresentability.swift */ = {isa = PBXFileReference; lastKnownFileType = sourcecode.swift; path = ClientResponseEventPresentability.swift; sourceTree = "<group>"; };
		156D06912B27503B0015A456 /* String+LinesCount.swift */ = {isa = PBXFileReference; lastKnownFileType = sourcecode.swift; path = "String+LinesCount.swift"; sourceTree = "<group>"; };
		156D06932B276E6F0015A456 /* UIFont+Inter.swift */ = {isa = PBXFileReference; lastKnownFileType = sourcecode.swift; path = "UIFont+Inter.swift"; sourceTree = "<group>"; };
		156D069B2B2B217F0015A456 /* ConfigVariable.swift */ = {isa = PBXFileReference; lastKnownFileType = sourcecode.swift; path = ConfigVariable.swift; sourceTree = "<group>"; };
		1589C9D72B46C8360053A9FA /* PrivacyInfo.xcprivacy */ = {isa = PBXFileReference; lastKnownFileType = text.xml; path = PrivacyInfo.xcprivacy; sourceTree = "<group>"; };
		1589C9FD2B5806450053A9FA /* PresentableError+CommonErrors.swift */ = {isa = PBXFileReference; lastKnownFileType = sourcecode.swift; path = "PresentableError+CommonErrors.swift"; sourceTree = "<group>"; };
		1589CA002B5806AA0053A9FA /* PresentableError+FromError.swift */ = {isa = PBXFileReference; lastKnownFileType = sourcecode.swift; path = "PresentableError+FromError.swift"; sourceTree = "<group>"; };
		159026512B6919B400D3FF36 /* AppInfo.swift */ = {isa = PBXFileReference; lastKnownFileType = sourcecode.swift; path = AppInfo.swift; sourceTree = "<group>"; };
		15B6D1942B30A1460064F033 /* FingerprintResponse+Encodable.swift */ = {isa = PBXFileReference; lastKnownFileType = sourcecode.swift; path = "FingerprintResponse+Encodable.swift"; sourceTree = "<group>"; };
		15B6D1992B30AE750064F033 /* Format.swift */ = {isa = PBXFileReference; lastKnownFileType = sourcecode.swift; path = Format.swift; sourceTree = "<group>"; };
		15B6D19C2B30AEAC0064F033 /* Format+Date.swift */ = {isa = PBXFileReference; lastKnownFileType = sourcecode.swift; path = "Format+Date.swift"; sourceTree = "<group>"; };
		15B6D19E2B30C1080064F033 /* Format+Number.swift */ = {isa = PBXFileReference; lastKnownFileType = sourcecode.swift; path = "Format+Number.swift"; sourceTree = "<group>"; };
		15B6D1A22B30C49F0064F033 /* DateEncodingStrategy+ISO8601Full.swift */ = {isa = PBXFileReference; lastKnownFileType = sourcecode.swift; path = "DateEncodingStrategy+ISO8601Full.swift"; sourceTree = "<group>"; };
		15B6D1A72B31AC7D0064F033 /* ClientResponseEventViewModel.swift */ = {isa = PBXFileReference; lastKnownFileType = sourcecode.swift; path = ClientResponseEventViewModel.swift; sourceTree = "<group>"; };
		15B6D1AA2B3210EE0064F033 /* DeviceIdentificationService.swift */ = {isa = PBXFileReference; lastKnownFileType = sourcecode.swift; path = DeviceIdentificationService.swift; sourceTree = "<group>"; };
		15B6D1B02B3214440064F033 /* DeviceIdentificationService+Default.swift */ = {isa = PBXFileReference; lastKnownFileType = sourcecode.swift; path = "DeviceIdentificationService+Default.swift"; sourceTree = "<group>"; };
		15B6D1B42B3324F10064F033 /* PresentableError.swift */ = {isa = PBXFileReference; lastKnownFileType = sourcecode.swift; path = PresentableError.swift; sourceTree = "<group>"; };
		15B6D1B72B334A230064F033 /* DeviceFingerprintViewModel.swift */ = {isa = PBXFileReference; lastKnownFileType = sourcecode.swift; path = DeviceFingerprintViewModel.swift; sourceTree = "<group>"; };
		15B6D1BA2B334CDC0064F033 /* DeviceFingerprintView.swift */ = {isa = PBXFileReference; lastKnownFileType = sourcecode.swift; path = DeviceFingerprintView.swift; sourceTree = "<group>"; };
/* End PBXFileReference section */

/* Begin PBXFrameworksBuildPhase section */
		156D063D2B0F5FA50015A456 /* Frameworks */ = {
			isa = PBXFrameworksBuildPhase;
			buildActionMask = 2147483647;
			files = (
				156D06972B2B1E560015A456 /* ConfidentialKit in Frameworks */,
				15B6D18B2B2CA2550064F033 /* FingerprintPro in Frameworks */,
			);
			runOnlyForDeploymentPostprocessing = 0;
		};
/* End PBXFrameworksBuildPhase section */

/* Begin PBXGroup section */
		156D06372B0F5FA50015A456 = {
			isa = PBXGroup;
			children = (
				156D06422B0F5FA50015A456 /* FingerprintProDemo */,
				156D06412B0F5FA50015A456 /* Products */,
			);
			sourceTree = "<group>";
		};
		156D06412B0F5FA50015A456 /* Products */ = {
			isa = PBXGroup;
			children = (
				156D06402B0F5FA50015A456 /* FingerprintProDemo.app */,
			);
			name = Products;
			sourceTree = "<group>";
		};
		156D06422B0F5FA50015A456 /* FingerprintProDemo */ = {
			isa = PBXGroup;
			children = (
				156D06522B0F63F80015A456 /* Info.plist */,
				1589C9D72B46C8360053A9FA /* PrivacyInfo.xcprivacy */,
				159026512B6919B400D3FF36 /* AppInfo.swift */,
				156D06432B0F5FA50015A456 /* FingerprintProDemoApp.swift */,
				156D06532B0FB48F0015A456 /* LaunchScreen.storyboard */,
				156D069E2B2B8F550015A456 /* Config */,
				156D06652B1772E80015A456 /* Constants */,
				15B6D18D2B30681B0064F033 /* Domain */,
				156D065E2B1772140015A456 /* Extensions */,
				156D065C2B17574C0015A456 /* Features */,
				156D06682B188EA80015A456 /* Resources */,
				156D06552B16008C0015A456 /* UI */,
			);
			path = FingerprintProDemo;
			sourceTree = "<group>";
		};
		156D06552B16008C0015A456 /* UI */ = {
			isa = PBXGroup;
			children = (
				15B6D1B22B3324B50064F033 /* Error */,
				156D06562B1600930015A456 /* Styles */,
				156D06762B1DF97A0015A456 /* Views */,
			);
			path = UI;
			sourceTree = "<group>";
		};
		156D06562B1600930015A456 /* Styles */ = {
			isa = PBXGroup;
			children = (
				156D06792B1E49390015A456 /* DefaultButtonStyle.swift */,
				156D06572B1600A80015A456 /* FingerprintButtonStyle.swift */,
			);
			path = Styles;
			sourceTree = "<group>";
		};
		156D06592B1657910015A456 /* View */ = {
			isa = PBXGroup;
			children = (
				15B6D1BA2B334CDC0064F033 /* DeviceFingerprintView.swift */,
				156D065A2B1657D40015A456 /* HomeView.swift */,
			);
			path = View;
			sourceTree = "<group>";
		};
		156D065C2B17574C0015A456 /* Features */ = {
			isa = PBXGroup;
			children = (
				1589C9FB2B5805AE0053A9FA /* Common */,
				156D065D2B1757770015A456 /* Home */,
			);
			path = Features;
			sourceTree = "<group>";
		};
		156D065D2B1757770015A456 /* Home */ = {
			isa = PBXGroup;
			children = (
				15B6D1A62B31AC4C0064F033 /* ViewModel */,
				156D06592B1657910015A456 /* View */,
			);
			path = Home;
			sourceTree = "<group>";
		};
		156D065E2B1772140015A456 /* Extensions */ = {
			isa = PBXGroup;
			children = (
				156D06812B20EC0B0015A456 /* Swift */,
				156D067D2B20DEBF0015A456 /* SwiftUI */,
				156D065F2B1772270015A456 /* Foundation */,
			);
			path = Extensions;
			sourceTree = "<group>";
		};
		156D065F2B1772270015A456 /* Foundation */ = {
			isa = PBXGroup;
			children = (
				156D06622B17727A0015A456 /* URL */,
			);
			path = Foundation;
			sourceTree = "<group>";
		};
		156D06622B17727A0015A456 /* URL */ = {
			isa = PBXGroup;
			children = (
				156D06632B1772AB0015A456 /* URL+StaticString.swift */,
			);
			path = URL;
			sourceTree = "<group>";
		};
		156D06652B1772E80015A456 /* Constants */ = {
			isa = PBXGroup;
			children = (
				156D06662B1772FF0015A456 /* Constants.swift */,
			);
			path = Constants;
			sourceTree = "<group>";
		};
		156D06682B188EA80015A456 /* Resources */ = {
			isa = PBXGroup;
			children = (
				156D06472B0F5FA60015A456 /* Assets.xcassets */,
				156D06692B188EC20015A456 /* Fonts */,
				156D06742B18B0190015A456 /* Localizable.xcstrings */,
			);
			path = Resources;
			sourceTree = "<group>";
		};
		156D06692B188EC20015A456 /* Fonts */ = {
			isa = PBXGroup;
			children = (
				156D06722B18A7B10015A456 /* Font+Inter.swift */,
				156D06932B276E6F0015A456 /* UIFont+Inter.swift */,
				156D06702B18948C0015A456 /* Inter-VariableFont.ttf */,
			);
			path = Fonts;
			sourceTree = "<group>";
		};
		156D06762B1DF97A0015A456 /* Views */ = {
			isa = PBXGroup;
			children = (
				156D06772B1DF99E0015A456 /* ErrorView.swift */,
				156D06852B25F8010015A456 /* EventDetailsView */,
			);
			path = Views;
			sourceTree = "<group>";
		};
		156D067D2B20DEBF0015A456 /* SwiftUI */ = {
			isa = PBXGroup;
			children = (
				156D067E2B20DECA0015A456 /* View */,
			);
			path = SwiftUI;
			sourceTree = "<group>";
		};
		156D067E2B20DECA0015A456 /* View */ = {
			isa = PBXGroup;
			children = (
				156D067F2B20DEEE0015A456 /* View+RedactedIf.swift */,
			);
			path = View;
			sourceTree = "<group>";
		};
		156D06812B20EC0B0015A456 /* Swift */ = {
			isa = PBXGroup;
			children = (
				156D06822B20EC120015A456 /* String */,
			);
			path = Swift;
			sourceTree = "<group>";
		};
		156D06822B20EC120015A456 /* String */ = {
			isa = PBXGroup;
			children = (
				156D06912B27503B0015A456 /* String+LinesCount.swift */,
				156D06832B20EC230015A456 /* String+Placeholder.swift */,
			);
			path = String;
			sourceTree = "<group>";
		};
		156D06852B25F8010015A456 /* EventDetailsView */ = {
			isa = PBXGroup;
			children = (
				156D067B2B20994E0015A456 /* EventDetailsView.swift */,
				156D068B2B2726800015A456 /* EventDetailsView+VisualState.swift */,
				156D06862B25F8120015A456 /* Presentation */,
			);
			path = EventDetailsView;
			sourceTree = "<group>";
		};
		156D06862B25F8120015A456 /* Presentation */ = {
			isa = PBXGroup;
			children = (
				156D06872B25F8AF0015A456 /* EventPresentability.swift */,
				156D068F2B272E3B0015A456 /* ClientResponseEventPresentability.swift */,
				156D06892B25F8F90015A456 /* BasicResponseEventPresentability.swift */,
				156D068D2B2728A10015A456 /* ExtendedResponseEventPresentability.swift */,
			);
			path = Presentation;
			sourceTree = "<group>";
		};
		156D069E2B2B8F550015A456 /* Config */ = {
			isa = PBXGroup;
			children = (
				156D069B2B2B217F0015A456 /* ConfigVariable.swift */,
			);
			path = Config;
			sourceTree = "<group>";
		};
		1589C9FB2B5805AE0053A9FA /* Common */ = {
			isa = PBXGroup;
			children = (
				1589C9FC2B5805CB0053A9FA /* Error */,
			);
			path = Common;
			sourceTree = "<group>";
		};
		1589C9FC2B5805CB0053A9FA /* Error */ = {
			isa = PBXGroup;
			children = (
				1589C9FD2B5806450053A9FA /* PresentableError+CommonErrors.swift */,
				1589CA002B5806AA0053A9FA /* PresentableError+FromError.swift */,
			);
			path = Error;
			sourceTree = "<group>";
		};
		15B6D18D2B30681B0064F033 /* Domain */ = {
			isa = PBXGroup;
			children = (
				15B6D1912B30A1170064F033 /* Coding */,
				15B6D1972B30AE540064F033 /* Format */,
				15B6D1AD2B3214030064F033 /* Services */,
			);
			path = Domain;
			sourceTree = "<group>";
		};
		15B6D1912B30A1170064F033 /* Coding */ = {
			isa = PBXGroup;
			children = (
				15B6D1A52B30C4DD0064F033 /* Date */,
				15B6D1A42B30C4B00064F033 /* Model */,
			);
			path = Coding;
			sourceTree = "<group>";
		};
		15B6D1972B30AE540064F033 /* Format */ = {
			isa = PBXGroup;
			children = (
				15B6D1992B30AE750064F033 /* Format.swift */,
				15B6D19C2B30AEAC0064F033 /* Format+Date.swift */,
				15B6D19E2B30C1080064F033 /* Format+Number.swift */,
			);
			path = Format;
			sourceTree = "<group>";
		};
		15B6D1A42B30C4B00064F033 /* Model */ = {
			isa = PBXGroup;
			children = (
				15B6D1942B30A1460064F033 /* FingerprintResponse+Encodable.swift */,
			);
			path = Model;
			sourceTree = "<group>";
		};
		15B6D1A52B30C4DD0064F033 /* Date */ = {
			isa = PBXGroup;
			children = (
				15B6D1A22B30C49F0064F033 /* DateEncodingStrategy+ISO8601Full.swift */,
			);
			path = Date;
			sourceTree = "<group>";
		};
		15B6D1A62B31AC4C0064F033 /* ViewModel */ = {
			isa = PBXGroup;
			children = (
				15B6D1A72B31AC7D0064F033 /* ClientResponseEventViewModel.swift */,
				15B6D1B72B334A230064F033 /* DeviceFingerprintViewModel.swift */,
			);
			path = ViewModel;
			sourceTree = "<group>";
		};
		15B6D1AD2B3214030064F033 /* Services */ = {
			isa = PBXGroup;
			children = (
				15B6D1AE2B3214220064F033 /* DeviceIdentification */,
			);
			path = Services;
			sourceTree = "<group>";
		};
		15B6D1AE2B3214220064F033 /* DeviceIdentification */ = {
			isa = PBXGroup;
			children = (
				15B6D1AA2B3210EE0064F033 /* DeviceIdentificationService.swift */,
				15B6D1B02B3214440064F033 /* DeviceIdentificationService+Default.swift */,
			);
			path = DeviceIdentification;
			sourceTree = "<group>";
		};
		15B6D1B22B3324B50064F033 /* Error */ = {
			isa = PBXGroup;
			children = (
				15B6D1B42B3324F10064F033 /* PresentableError.swift */,
			);
			path = Error;
			sourceTree = "<group>";
		};
/* End PBXGroup section */

/* Begin PBXNativeTarget section */
		156D063F2B0F5FA50015A456 /* FingerprintProDemo */ = {
			isa = PBXNativeTarget;
			buildConfigurationList = 156D064E2B0F5FA60015A456 /* Build configuration list for PBXNativeTarget "FingerprintProDemo" */;
			buildPhases = (
				156D063C2B0F5FA50015A456 /* Sources */,
				156D063D2B0F5FA50015A456 /* Frameworks */,
				156D063E2B0F5FA50015A456 /* Resources */,
			);
			buildRules = (
			);
			dependencies = (
				156D069A2B2B1F5F0015A456 /* PBXTargetDependency */,
			);
			name = FingerprintProDemo;
			packageProductDependencies = (
				156D06962B2B1E560015A456 /* ConfidentialKit */,
				15B6D18A2B2CA2550064F033 /* FingerprintPro */,
			);
			productName = FingerprintProDemo;
			productReference = 156D06402B0F5FA50015A456 /* FingerprintProDemo.app */;
			productType = "com.apple.product-type.application";
		};
/* End PBXNativeTarget section */

/* Begin PBXProject section */
		156D06382B0F5FA50015A456 /* Project object */ = {
			isa = PBXProject;
			attributes = {
				BuildIndependentTargetsInParallel = 1;
				LastSwiftUpdateCheck = 1500;
				LastUpgradeCheck = 1500;
				TargetAttributes = {
					156D063F2B0F5FA50015A456 = {
						CreatedOnToolsVersion = 15.0.1;
					};
				};
			};
			buildConfigurationList = 156D063B2B0F5FA50015A456 /* Build configuration list for PBXProject "FingerprintProDemo" */;
			compatibilityVersion = "Xcode 14.0";
			developmentRegion = en;
			hasScannedForEncodings = 0;
			knownRegions = (
				en,
				Base,
			);
			mainGroup = 156D06372B0F5FA50015A456;
			packageReferences = (
				15B6D1892B2CA2550064F033 /* XCRemoteSwiftPackageReference "fingerprintjs-pro-ios" */,
				156D06952B2B1E560015A456 /* XCRemoteSwiftPackageReference "swift-confidential" */,
				156D06982B2B1E620015A456 /* XCRemoteSwiftPackageReference "swift-confidential-plugin" */,
			);
			productRefGroup = 156D06412B0F5FA50015A456 /* Products */;
			projectDirPath = "";
			projectRoot = "";
			targets = (
				156D063F2B0F5FA50015A456 /* FingerprintProDemo */,
			);
		};
/* End PBXProject section */

/* Begin PBXResourcesBuildPhase section */
		156D063E2B0F5FA50015A456 /* Resources */ = {
			isa = PBXResourcesBuildPhase;
			buildActionMask = 2147483647;
			files = (
				156D06712B18948C0015A456 /* Inter-VariableFont.ttf in Resources */,
				156D06482B0F5FA60015A456 /* Assets.xcassets in Resources */,
				156D06752B18B0190015A456 /* Localizable.xcstrings in Resources */,
				1589C9D82B46C8360053A9FA /* PrivacyInfo.xcprivacy in Resources */,
				156D06542B0FB48F0015A456 /* LaunchScreen.storyboard in Resources */,
			);
			runOnlyForDeploymentPostprocessing = 0;
		};
/* End PBXResourcesBuildPhase section */

/* Begin PBXSourcesBuildPhase section */
		156D063C2B0F5FA50015A456 /* Sources */ = {
			isa = PBXSourcesBuildPhase;
			buildActionMask = 2147483647;
			files = (
				15B6D1B52B3324F10064F033 /* PresentableError.swift in Sources */,
				15B6D1A82B31AC7D0064F033 /* ClientResponseEventViewModel.swift in Sources */,
				156D06672B1772FF0015A456 /* Constants.swift in Sources */,
				156D06942B276E6F0015A456 /* UIFont+Inter.swift in Sources */,
				15B6D19F2B30C1080064F033 /* Format+Number.swift in Sources */,
				15B6D19A2B30AE750064F033 /* Format.swift in Sources */,
				1589CA012B5806AA0053A9FA /* PresentableError+FromError.swift in Sources */,
				15B6D1AB2B3210EE0064F033 /* DeviceIdentificationService.swift in Sources */,
				156D06902B272E3B0015A456 /* ClientResponseEventPresentability.swift in Sources */,
				156D069C2B2B217F0015A456 /* ConfigVariable.swift in Sources */,
				156D06882B25F8AF0015A456 /* EventPresentability.swift in Sources */,
				156D06802B20DEEE0015A456 /* View+RedactedIf.swift in Sources */,
				156D068A2B25F8F90015A456 /* BasicResponseEventPresentability.swift in Sources */,
				15B6D1A32B30C49F0064F033 /* DateEncodingStrategy+ISO8601Full.swift in Sources */,
				159026522B6919B400D3FF36 /* AppInfo.swift in Sources */,
				15B6D19D2B30AEAC0064F033 /* Format+Date.swift in Sources */,
				156D06922B27503B0015A456 /* String+LinesCount.swift in Sources */,
				156D06732B18A7B10015A456 /* Font+Inter.swift in Sources */,
				1589C9FE2B5806450053A9FA /* PresentableError+CommonErrors.swift in Sources */,
				15B6D1952B30A1460064F033 /* FingerprintResponse+Encodable.swift in Sources */,
				156D065B2B1657D40015A456 /* HomeView.swift in Sources */,
				15B6D1B12B3214440064F033 /* DeviceIdentificationService+Default.swift in Sources */,
				156D06582B1600A80015A456 /* FingerprintButtonStyle.swift in Sources */,
				156D06842B20EC230015A456 /* String+Placeholder.swift in Sources */,
				15B6D1BB2B334CDC0064F033 /* DeviceFingerprintView.swift in Sources */,
				15B6D1B82B334A230064F033 /* DeviceFingerprintViewModel.swift in Sources */,
				156D068C2B2726800015A456 /* EventDetailsView+VisualState.swift in Sources */,
				156D067C2B20994E0015A456 /* EventDetailsView.swift in Sources */,
				156D06782B1DF99E0015A456 /* ErrorView.swift in Sources */,
				156D067A2B1E49390015A456 /* DefaultButtonStyle.swift in Sources */,
				156D068E2B2728A10015A456 /* ExtendedResponseEventPresentability.swift in Sources */,
				156D06642B1772AB0015A456 /* URL+StaticString.swift in Sources */,
				156D06442B0F5FA50015A456 /* FingerprintProDemoApp.swift in Sources */,
			);
			runOnlyForDeploymentPostprocessing = 0;
		};
/* End PBXSourcesBuildPhase section */

/* Begin PBXTargetDependency section */
		156D069A2B2B1F5F0015A456 /* PBXTargetDependency */ = {
			isa = PBXTargetDependency;
			productRef = 156D06992B2B1F5F0015A456 /* Confidential */;
		};
/* End PBXTargetDependency section */

/* Begin XCBuildConfiguration section */
		156D064C2B0F5FA60015A456 /* Debug */ = {
			isa = XCBuildConfiguration;
			buildSettings = {
				ALWAYS_SEARCH_USER_PATHS = NO;
				ASSETCATALOG_COMPILER_GENERATE_SWIFT_ASSET_SYMBOL_EXTENSIONS = YES;
				CLANG_ANALYZER_NONNULL = YES;
				CLANG_ANALYZER_NUMBER_OBJECT_CONVERSION = YES_AGGRESSIVE;
				CLANG_CXX_LANGUAGE_STANDARD = "gnu++20";
				CLANG_ENABLE_MODULES = YES;
				CLANG_ENABLE_OBJC_ARC = YES;
				CLANG_ENABLE_OBJC_WEAK = YES;
				CLANG_WARN_BLOCK_CAPTURE_AUTORELEASING = YES;
				CLANG_WARN_BOOL_CONVERSION = YES;
				CLANG_WARN_COMMA = YES;
				CLANG_WARN_CONSTANT_CONVERSION = YES;
				CLANG_WARN_DEPRECATED_OBJC_IMPLEMENTATIONS = YES;
				CLANG_WARN_DIRECT_OBJC_ISA_USAGE = YES_ERROR;
				CLANG_WARN_DOCUMENTATION_COMMENTS = YES;
				CLANG_WARN_EMPTY_BODY = YES;
				CLANG_WARN_ENUM_CONVERSION = YES;
				CLANG_WARN_INFINITE_RECURSION = YES;
				CLANG_WARN_INT_CONVERSION = YES;
				CLANG_WARN_NON_LITERAL_NULL_CONVERSION = YES;
				CLANG_WARN_OBJC_IMPLICIT_RETAIN_SELF = YES;
				CLANG_WARN_OBJC_LITERAL_CONVERSION = YES;
				CLANG_WARN_OBJC_ROOT_CLASS = YES_ERROR;
				CLANG_WARN_QUOTED_INCLUDE_IN_FRAMEWORK_HEADER = YES;
				CLANG_WARN_RANGE_LOOP_ANALYSIS = YES;
				CLANG_WARN_STRICT_PROTOTYPES = YES;
				CLANG_WARN_SUSPICIOUS_MOVE = YES;
				CLANG_WARN_UNGUARDED_AVAILABILITY = YES_AGGRESSIVE;
				CLANG_WARN_UNREACHABLE_CODE = YES;
				CLANG_WARN__DUPLICATE_METHOD_MATCH = YES;
				COPY_PHASE_STRIP = NO;
				DEBUG_INFORMATION_FORMAT = dwarf;
				ENABLE_STRICT_OBJC_MSGSEND = YES;
				ENABLE_TESTABILITY = YES;
				ENABLE_USER_SCRIPT_SANDBOXING = YES;
				GCC_C_LANGUAGE_STANDARD = gnu17;
				GCC_DYNAMIC_NO_PIC = NO;
				GCC_NO_COMMON_BLOCKS = YES;
				GCC_OPTIMIZATION_LEVEL = 0;
				GCC_PREPROCESSOR_DEFINITIONS = (
					"DEBUG=1",
					"$(inherited)",
				);
				GCC_WARN_64_TO_32_BIT_CONVERSION = YES;
				GCC_WARN_ABOUT_RETURN_TYPE = YES_ERROR;
				GCC_WARN_UNDECLARED_SELECTOR = YES;
				GCC_WARN_UNINITIALIZED_AUTOS = YES_AGGRESSIVE;
				GCC_WARN_UNUSED_FUNCTION = YES;
				GCC_WARN_UNUSED_VARIABLE = YES;
				IPHONEOS_DEPLOYMENT_TARGET = 16.0;
				LOCALIZATION_PREFERS_STRING_CATALOGS = YES;
				MTL_ENABLE_DEBUG_INFO = INCLUDE_SOURCE;
				MTL_FAST_MATH = YES;
				ONLY_ACTIVE_ARCH = YES;
				SDKROOT = iphoneos;
				SWIFT_ACTIVE_COMPILATION_CONDITIONS = "DEBUG $(inherited)";
				SWIFT_OPTIMIZATION_LEVEL = "-Onone";
			};
			name = Debug;
		};
		156D064D2B0F5FA60015A456 /* Release */ = {
			isa = XCBuildConfiguration;
			buildSettings = {
				ALWAYS_SEARCH_USER_PATHS = NO;
				ASSETCATALOG_COMPILER_GENERATE_SWIFT_ASSET_SYMBOL_EXTENSIONS = YES;
				CLANG_ANALYZER_NONNULL = YES;
				CLANG_ANALYZER_NUMBER_OBJECT_CONVERSION = YES_AGGRESSIVE;
				CLANG_CXX_LANGUAGE_STANDARD = "gnu++20";
				CLANG_ENABLE_MODULES = YES;
				CLANG_ENABLE_OBJC_ARC = YES;
				CLANG_ENABLE_OBJC_WEAK = YES;
				CLANG_WARN_BLOCK_CAPTURE_AUTORELEASING = YES;
				CLANG_WARN_BOOL_CONVERSION = YES;
				CLANG_WARN_COMMA = YES;
				CLANG_WARN_CONSTANT_CONVERSION = YES;
				CLANG_WARN_DEPRECATED_OBJC_IMPLEMENTATIONS = YES;
				CLANG_WARN_DIRECT_OBJC_ISA_USAGE = YES_ERROR;
				CLANG_WARN_DOCUMENTATION_COMMENTS = YES;
				CLANG_WARN_EMPTY_BODY = YES;
				CLANG_WARN_ENUM_CONVERSION = YES;
				CLANG_WARN_INFINITE_RECURSION = YES;
				CLANG_WARN_INT_CONVERSION = YES;
				CLANG_WARN_NON_LITERAL_NULL_CONVERSION = YES;
				CLANG_WARN_OBJC_IMPLICIT_RETAIN_SELF = YES;
				CLANG_WARN_OBJC_LITERAL_CONVERSION = YES;
				CLANG_WARN_OBJC_ROOT_CLASS = YES_ERROR;
				CLANG_WARN_QUOTED_INCLUDE_IN_FRAMEWORK_HEADER = YES;
				CLANG_WARN_RANGE_LOOP_ANALYSIS = YES;
				CLANG_WARN_STRICT_PROTOTYPES = YES;
				CLANG_WARN_SUSPICIOUS_MOVE = YES;
				CLANG_WARN_UNGUARDED_AVAILABILITY = YES_AGGRESSIVE;
				CLANG_WARN_UNREACHABLE_CODE = YES;
				CLANG_WARN__DUPLICATE_METHOD_MATCH = YES;
				COPY_PHASE_STRIP = NO;
				DEBUG_INFORMATION_FORMAT = "dwarf-with-dsym";
				ENABLE_NS_ASSERTIONS = NO;
				ENABLE_STRICT_OBJC_MSGSEND = YES;
				ENABLE_USER_SCRIPT_SANDBOXING = YES;
				GCC_C_LANGUAGE_STANDARD = gnu17;
				GCC_NO_COMMON_BLOCKS = YES;
				GCC_WARN_64_TO_32_BIT_CONVERSION = YES;
				GCC_WARN_ABOUT_RETURN_TYPE = YES_ERROR;
				GCC_WARN_UNDECLARED_SELECTOR = YES;
				GCC_WARN_UNINITIALIZED_AUTOS = YES_AGGRESSIVE;
				GCC_WARN_UNUSED_FUNCTION = YES;
				GCC_WARN_UNUSED_VARIABLE = YES;
				IPHONEOS_DEPLOYMENT_TARGET = 16.0;
				LOCALIZATION_PREFERS_STRING_CATALOGS = YES;
				MTL_ENABLE_DEBUG_INFO = NO;
				MTL_FAST_MATH = YES;
				SDKROOT = iphoneos;
				SWIFT_COMPILATION_MODE = wholemodule;
				VALIDATE_PRODUCT = YES;
			};
			name = Release;
		};
		156D064F2B0F5FA60015A456 /* Debug */ = {
			isa = XCBuildConfiguration;
			buildSettings = {
				ASSETCATALOG_COMPILER_APPICON_NAME = AppIcon;
				ASSETCATALOG_COMPILER_GLOBAL_ACCENT_COLOR_NAME = AccentColor;
				CODE_SIGN_STYLE = Automatic;
				CURRENT_PROJECT_VERSION = 3;
				DEVELOPMENT_ASSET_PATHS = "";
				DEVELOPMENT_TEAM = AQ93X82PXZ;
				ENABLE_PREVIEWS = YES;
				GENERATE_INFOPLIST_FILE = YES;
				INFOPLIST_FILE = FingerprintProDemo/Info.plist;
				INFOPLIST_KEY_CFBundleDisplayName = "Fingerprint Pro";
				INFOPLIST_KEY_LSApplicationCategoryType = "public.app-category.developer-tools";
				INFOPLIST_KEY_UIApplicationSceneManifest_Generation = YES;
				INFOPLIST_KEY_UIApplicationSupportsIndirectInputEvents = YES;
				INFOPLIST_KEY_UILaunchStoryboardName = LaunchScreen;
				INFOPLIST_KEY_UISupportedInterfaceOrientations = UIInterfaceOrientationPortrait;
				INFOPLIST_KEY_UISupportedInterfaceOrientations_iPad = "UIInterfaceOrientationLandscapeLeft UIInterfaceOrientationLandscapeRight UIInterfaceOrientationPortrait UIInterfaceOrientationPortraitUpsideDown";
				LD_RUNPATH_SEARCH_PATHS = (
					"$(inherited)",
					"@executable_path/Frameworks",
				);
				MARKETING_VERSION = 2.0.0;
				PRODUCT_BUNDLE_IDENTIFIER = com.fingerprintjs.FingerprintProDemo;
				PRODUCT_NAME = "$(TARGET_NAME)";
				SUPPORTED_PLATFORMS = "iphoneos iphonesimulator";
				SUPPORTS_MACCATALYST = NO;
				SUPPORTS_MAC_DESIGNED_FOR_IPHONE_IPAD = NO;
				SWIFT_EMIT_LOC_STRINGS = YES;
				SWIFT_VERSION = 5.0;
				TARGETED_DEVICE_FAMILY = "1,2";
			};
			name = Debug;
		};
		156D06502B0F5FA60015A456 /* Release */ = {
			isa = XCBuildConfiguration;
			buildSettings = {
				ASSETCATALOG_COMPILER_APPICON_NAME = AppIcon;
				ASSETCATALOG_COMPILER_GLOBAL_ACCENT_COLOR_NAME = AccentColor;
				CODE_SIGN_STYLE = Automatic;
				CURRENT_PROJECT_VERSION = 3;
				DEVELOPMENT_ASSET_PATHS = "";
				DEVELOPMENT_TEAM = AQ93X82PXZ;
				ENABLE_PREVIEWS = YES;
				GENERATE_INFOPLIST_FILE = YES;
				INFOPLIST_FILE = FingerprintProDemo/Info.plist;
				INFOPLIST_KEY_CFBundleDisplayName = "Fingerprint Pro";
				INFOPLIST_KEY_LSApplicationCategoryType = "public.app-category.developer-tools";
				INFOPLIST_KEY_UIApplicationSceneManifest_Generation = YES;
				INFOPLIST_KEY_UIApplicationSupportsIndirectInputEvents = YES;
				INFOPLIST_KEY_UILaunchStoryboardName = LaunchScreen;
				INFOPLIST_KEY_UISupportedInterfaceOrientations = UIInterfaceOrientationPortrait;
				INFOPLIST_KEY_UISupportedInterfaceOrientations_iPad = "UIInterfaceOrientationLandscapeLeft UIInterfaceOrientationLandscapeRight UIInterfaceOrientationPortrait UIInterfaceOrientationPortraitUpsideDown";
				LD_RUNPATH_SEARCH_PATHS = (
					"$(inherited)",
					"@executable_path/Frameworks",
				);
				MARKETING_VERSION = 2.0.0;
				PRODUCT_BUNDLE_IDENTIFIER = com.fingerprintjs.FingerprintProDemo;
				PRODUCT_NAME = "$(TARGET_NAME)";
				SUPPORTED_PLATFORMS = "iphoneos iphonesimulator";
				SUPPORTS_MACCATALYST = NO;
				SUPPORTS_MAC_DESIGNED_FOR_IPHONE_IPAD = NO;
				SWIFT_EMIT_LOC_STRINGS = YES;
				SWIFT_VERSION = 5.0;
				TARGETED_DEVICE_FAMILY = "1,2";
			};
			name = Release;
		};
/* End XCBuildConfiguration section */

/* Begin XCConfigurationList section */
		156D063B2B0F5FA50015A456 /* Build configuration list for PBXProject "FingerprintProDemo" */ = {
			isa = XCConfigurationList;
			buildConfigurations = (
				156D064C2B0F5FA60015A456 /* Debug */,
				156D064D2B0F5FA60015A456 /* Release */,
			);
			defaultConfigurationIsVisible = 0;
			defaultConfigurationName = Release;
		};
		156D064E2B0F5FA60015A456 /* Build configuration list for PBXNativeTarget "FingerprintProDemo" */ = {
			isa = XCConfigurationList;
			buildConfigurations = (
				156D064F2B0F5FA60015A456 /* Debug */,
				156D06502B0F5FA60015A456 /* Release */,
			);
			defaultConfigurationIsVisible = 0;
			defaultConfigurationName = Release;
		};
/* End XCConfigurationList section */

/* Begin XCRemoteSwiftPackageReference section */
		156D06952B2B1E560015A456 /* XCRemoteSwiftPackageReference "swift-confidential" */ = {
			isa = XCRemoteSwiftPackageReference;
			repositoryURL = "https://github.com/securevale/swift-confidential.git";
			requirement = {
				kind = upToNextMinorVersion;
				minimumVersion = 0.3.0;
			};
		};
		156D06982B2B1E620015A456 /* XCRemoteSwiftPackageReference "swift-confidential-plugin" */ = {
			isa = XCRemoteSwiftPackageReference;
			repositoryURL = "https://github.com/securevale/swift-confidential-plugin.git";
			requirement = {
				kind = upToNextMinorVersion;
				minimumVersion = 0.3.0;
			};
		};
		15B6D1892B2CA2550064F033 /* XCRemoteSwiftPackageReference "fingerprintjs-pro-ios" */ = {
			isa = XCRemoteSwiftPackageReference;
			repositoryURL = "https://github.com/fingerprintjs/fingerprintjs-pro-ios";
			requirement = {
				kind = upToNextMajorVersion;
				minimumVersion = 2.4.0;
			};
		};
/* End XCRemoteSwiftPackageReference section */

/* Begin XCSwiftPackageProductDependency section */
		156D06962B2B1E560015A456 /* ConfidentialKit */ = {
			isa = XCSwiftPackageProductDependency;
			package = 156D06952B2B1E560015A456 /* XCRemoteSwiftPackageReference "swift-confidential" */;
			productName = ConfidentialKit;
		};
		156D06992B2B1F5F0015A456 /* Confidential */ = {
			isa = XCSwiftPackageProductDependency;
			package = 156D06982B2B1E620015A456 /* XCRemoteSwiftPackageReference "swift-confidential-plugin" */;
			productName = "plugin:Confidential";
		};
		15B6D18A2B2CA2550064F033 /* FingerprintPro */ = {
			isa = XCSwiftPackageProductDependency;
			package = 15B6D1892B2CA2550064F033 /* XCRemoteSwiftPackageReference "fingerprintjs-pro-ios" */;
			productName = FingerprintPro;
		};
/* End XCSwiftPackageProductDependency section */
	};
	rootObject = 156D06382B0F5FA50015A456 /* Project object */;
}
